
Microsoft Visual Studio Solution File, Format Version 12.00
# Visual Studio 15
VisualStudioVersion = 15.0.27130.2010
MinimumVisualStudioVersion = 10.0.40219.1
Project("{2150E333-8FDC-42A3-9474-1A3956D46DE8}") = "Solution Items", "Solution Items", "{1B46D2F8-5264-44C7-93F1-BE0DAA9DF061}"
	ProjectSection(SolutionItems) = preProject
		ISSUE_TEMPLATE = ISSUE_TEMPLATE
		LICENSE.md = LICENSE.md
		nuget.exe = nuget.exe
		push.cmd = push.cmd
		..\readme.md = ..\readme.md
	EndProjectSection
EndProject
Project("{FAE04EC0-301F-11D3-BF4B-00C04F79EFBC}") = "Samples", "Samples\Samples\Samples.csproj", "{5B47DDBE-E702-4D70-8E37-B6CFB03FA8DA}"
EndProject
Project("{FAE04EC0-301F-11D3-BF4B-00C04F79EFBC}") = "Samples.iOS", "Samples\Samples.iOS\Samples.iOS.csproj", "{D053B505-4911-4602-9982-4BB7DCDC0CCD}"
EndProject
Project("{FAE04EC0-301F-11D3-BF4B-00C04F79EFBC}") = "Samples.Droid", "Samples\Samples.Droid\Samples.Droid.csproj", "{233C4EB1-4F77-46BB-8018-CF11CE129AD1}"
EndProject
Project("{9A19103F-16F7-4668-BE54-9A1E7A4F7556}") = "Plugin.DeviceInfo", "Plugin.DeviceInfo\Plugin.DeviceInfo.csproj", "{D11E01F0-7FA8-4347-BF88-ABB37956F4E3}"
EndProject
Project("{FAE04EC0-301F-11D3-BF4B-00C04F79EFBC}") = "Samples.Uwp", "Samples\Samples.Uwp\Samples.Uwp.csproj", "{BC2DC8F4-2E85-44C3-ACAB-BDBA19E695CF}"
EndProject
Project("{FAE04EC0-301F-11D3-BF4B-00C04F79EFBC}") = "Net4Tests", "Net4Tests\Net4Tests.csproj", "{4E798D08-8459-4878-8308-E9D6555FAB8C}"
EndProject
Global
	GlobalSection(SolutionConfigurationPlatforms) = preSolution
		Ad-Hoc|Any CPU = Ad-Hoc|Any CPU
		Ad-Hoc|ARM = Ad-Hoc|ARM
		Ad-Hoc|iPhone = Ad-Hoc|iPhone
		Ad-Hoc|iPhoneSimulator = Ad-Hoc|iPhoneSimulator
		Ad-Hoc|Mixed Platforms = Ad-Hoc|Mixed Platforms
		Ad-Hoc|x64 = Ad-Hoc|x64
		Ad-Hoc|x86 = Ad-Hoc|x86
		AppStore|Any CPU = AppStore|Any CPU
		AppStore|ARM = AppStore|ARM
		AppStore|iPhone = AppStore|iPhone
		AppStore|iPhoneSimulator = AppStore|iPhoneSimulator
		AppStore|Mixed Platforms = AppStore|Mixed Platforms
		AppStore|x64 = AppStore|x64
		AppStore|x86 = AppStore|x86
		Debug|Any CPU = Debug|Any CPU
		Debug|ARM = Debug|ARM
		Debug|iPhone = Debug|iPhone
		Debug|iPhoneSimulator = Debug|iPhoneSimulator
		Debug|Mixed Platforms = Debug|Mixed Platforms
		Debug|x64 = Debug|x64
		Debug|x86 = Debug|x86
		Release|Any CPU = Release|Any CPU
		Release|ARM = Release|ARM
		Release|iPhone = Release|iPhone
		Release|iPhoneSimulator = Release|iPhoneSimulator
		Release|Mixed Platforms = Release|Mixed Platforms
		Release|x64 = Release|x64
		Release|x86 = Release|x86
	EndGlobalSection
	GlobalSection(ProjectConfigurationPlatforms) = postSolution
		{5B47DDBE-E702-4D70-8E37-B6CFB03FA8DA}.Ad-Hoc|Any CPU.ActiveCfg = Release|Any CPU
		{5B47DDBE-E702-4D70-8E37-B6CFB03FA8DA}.Ad-Hoc|Any CPU.Build.0 = Release|Any CPU
		{5B47DDBE-E702-4D70-8E37-B6CFB03FA8DA}.Ad-Hoc|ARM.ActiveCfg = Release|Any CPU
		{5B47DDBE-E702-4D70-8E37-B6CFB03FA8DA}.Ad-Hoc|iPhone.ActiveCfg = Release|Any CPU
		{5B47DDBE-E702-4D70-8E37-B6CFB03FA8DA}.Ad-Hoc|iPhoneSimulator.ActiveCfg = Release|Any CPU
		{5B47DDBE-E702-4D70-8E37-B6CFB03FA8DA}.Ad-Hoc|Mixed Platforms.ActiveCfg = Release|Any CPU
		{5B47DDBE-E702-4D70-8E37-B6CFB03FA8DA}.Ad-Hoc|Mixed Platforms.Build.0 = Release|Any CPU
		{5B47DDBE-E702-4D70-8E37-B6CFB03FA8DA}.Ad-Hoc|x64.ActiveCfg = Debug|Any CPU
		{5B47DDBE-E702-4D70-8E37-B6CFB03FA8DA}.Ad-Hoc|x64.Build.0 = Debug|Any CPU
		{5B47DDBE-E702-4D70-8E37-B6CFB03FA8DA}.Ad-Hoc|x86.ActiveCfg = Release|Any CPU
		{5B47DDBE-E702-4D70-8E37-B6CFB03FA8DA}.AppStore|Any CPU.ActiveCfg = Release|Any CPU
		{5B47DDBE-E702-4D70-8E37-B6CFB03FA8DA}.AppStore|Any CPU.Build.0 = Release|Any CPU
		{5B47DDBE-E702-4D70-8E37-B6CFB03FA8DA}.AppStore|ARM.ActiveCfg = Release|Any CPU
		{5B47DDBE-E702-4D70-8E37-B6CFB03FA8DA}.AppStore|iPhone.ActiveCfg = Release|Any CPU
		{5B47DDBE-E702-4D70-8E37-B6CFB03FA8DA}.AppStore|iPhoneSimulator.ActiveCfg = Release|Any CPU
		{5B47DDBE-E702-4D70-8E37-B6CFB03FA8DA}.AppStore|Mixed Platforms.ActiveCfg = Release|Any CPU
		{5B47DDBE-E702-4D70-8E37-B6CFB03FA8DA}.AppStore|Mixed Platforms.Build.0 = Release|Any CPU
		{5B47DDBE-E702-4D70-8E37-B6CFB03FA8DA}.AppStore|x64.ActiveCfg = Debug|Any CPU
		{5B47DDBE-E702-4D70-8E37-B6CFB03FA8DA}.AppStore|x64.Build.0 = Debug|Any CPU
		{5B47DDBE-E702-4D70-8E37-B6CFB03FA8DA}.AppStore|x86.ActiveCfg = Release|Any CPU
		{5B47DDBE-E702-4D70-8E37-B6CFB03FA8DA}.Debug|Any CPU.ActiveCfg = Debug|Any CPU
		{5B47DDBE-E702-4D70-8E37-B6CFB03FA8DA}.Debug|Any CPU.Build.0 = Debug|Any CPU
		{5B47DDBE-E702-4D70-8E37-B6CFB03FA8DA}.Debug|ARM.ActiveCfg = Debug|Any CPU
		{5B47DDBE-E702-4D70-8E37-B6CFB03FA8DA}.Debug|iPhone.ActiveCfg = Debug|Any CPU
		{5B47DDBE-E702-4D70-8E37-B6CFB03FA8DA}.Debug|iPhone.Build.0 = Debug|Any CPU
		{5B47DDBE-E702-4D70-8E37-B6CFB03FA8DA}.Debug|iPhoneSimulator.ActiveCfg = Debug|Any CPU
		{5B47DDBE-E702-4D70-8E37-B6CFB03FA8DA}.Debug|iPhoneSimulator.Build.0 = Debug|Any CPU
		{5B47DDBE-E702-4D70-8E37-B6CFB03FA8DA}.Debug|Mixed Platforms.ActiveCfg = Debug|Any CPU
		{5B47DDBE-E702-4D70-8E37-B6CFB03FA8DA}.Debug|Mixed Platforms.Build.0 = Debug|Any CPU
		{5B47DDBE-E702-4D70-8E37-B6CFB03FA8DA}.Debug|x64.ActiveCfg = Debug|Any CPU
		{5B47DDBE-E702-4D70-8E37-B6CFB03FA8DA}.Debug|x64.Build.0 = Debug|Any CPU
		{5B47DDBE-E702-4D70-8E37-B6CFB03FA8DA}.Debug|x86.ActiveCfg = Debug|Any CPU
		{5B47DDBE-E702-4D70-8E37-B6CFB03FA8DA}.Release|Any CPU.ActiveCfg = Release|Any CPU
		{5B47DDBE-E702-4D70-8E37-B6CFB03FA8DA}.Release|Any CPU.Build.0 = Release|Any CPU
		{5B47DDBE-E702-4D70-8E37-B6CFB03FA8DA}.Release|ARM.ActiveCfg = Release|Any CPU
		{5B47DDBE-E702-4D70-8E37-B6CFB03FA8DA}.Release|iPhone.ActiveCfg = Release|Any CPU
		{5B47DDBE-E702-4D70-8E37-B6CFB03FA8DA}.Release|iPhoneSimulator.ActiveCfg = Release|Any CPU
		{5B47DDBE-E702-4D70-8E37-B6CFB03FA8DA}.Release|Mixed Platforms.ActiveCfg = Release|Any CPU
		{5B47DDBE-E702-4D70-8E37-B6CFB03FA8DA}.Release|Mixed Platforms.Build.0 = Release|Any CPU
		{5B47DDBE-E702-4D70-8E37-B6CFB03FA8DA}.Release|x64.ActiveCfg = Release|Any CPU
		{5B47DDBE-E702-4D70-8E37-B6CFB03FA8DA}.Release|x64.Build.0 = Release|Any CPU
		{5B47DDBE-E702-4D70-8E37-B6CFB03FA8DA}.Release|x86.ActiveCfg = Release|Any CPU
		{D053B505-4911-4602-9982-4BB7DCDC0CCD}.Ad-Hoc|Any CPU.ActiveCfg = Ad-Hoc|iPhone
		{D053B505-4911-4602-9982-4BB7DCDC0CCD}.Ad-Hoc|ARM.ActiveCfg = Ad-Hoc|iPhone
		{D053B505-4911-4602-9982-4BB7DCDC0CCD}.Ad-Hoc|iPhone.ActiveCfg = Ad-Hoc|iPhone
		{D053B505-4911-4602-9982-4BB7DCDC0CCD}.Ad-Hoc|iPhone.Build.0 = Ad-Hoc|iPhone
		{D053B505-4911-4602-9982-4BB7DCDC0CCD}.Ad-Hoc|iPhoneSimulator.ActiveCfg = Ad-Hoc|iPhoneSimulator
		{D053B505-4911-4602-9982-4BB7DCDC0CCD}.Ad-Hoc|iPhoneSimulator.Build.0 = Ad-Hoc|iPhoneSimulator
		{D053B505-4911-4602-9982-4BB7DCDC0CCD}.Ad-Hoc|Mixed Platforms.ActiveCfg = Ad-Hoc|iPhone
		{D053B505-4911-4602-9982-4BB7DCDC0CCD}.Ad-Hoc|Mixed Platforms.Build.0 = Ad-Hoc|iPhone
		{D053B505-4911-4602-9982-4BB7DCDC0CCD}.Ad-Hoc|x64.ActiveCfg = Ad-Hoc|iPhoneSimulator
		{D053B505-4911-4602-9982-4BB7DCDC0CCD}.Ad-Hoc|x86.ActiveCfg = Ad-Hoc|iPhone
		{D053B505-4911-4602-9982-4BB7DCDC0CCD}.AppStore|Any CPU.ActiveCfg = AppStore|iPhone
		{D053B505-4911-4602-9982-4BB7DCDC0CCD}.AppStore|ARM.ActiveCfg = AppStore|iPhone
		{D053B505-4911-4602-9982-4BB7DCDC0CCD}.AppStore|iPhone.ActiveCfg = AppStore|iPhone
		{D053B505-4911-4602-9982-4BB7DCDC0CCD}.AppStore|iPhone.Build.0 = AppStore|iPhone
		{D053B505-4911-4602-9982-4BB7DCDC0CCD}.AppStore|iPhoneSimulator.ActiveCfg = AppStore|iPhoneSimulator
		{D053B505-4911-4602-9982-4BB7DCDC0CCD}.AppStore|iPhoneSimulator.Build.0 = AppStore|iPhoneSimulator
		{D053B505-4911-4602-9982-4BB7DCDC0CCD}.AppStore|Mixed Platforms.ActiveCfg = AppStore|iPhone
		{D053B505-4911-4602-9982-4BB7DCDC0CCD}.AppStore|Mixed Platforms.Build.0 = AppStore|iPhone
		{D053B505-4911-4602-9982-4BB7DCDC0CCD}.AppStore|x64.ActiveCfg = AppStore|iPhoneSimulator
		{D053B505-4911-4602-9982-4BB7DCDC0CCD}.AppStore|x86.ActiveCfg = AppStore|iPhone
		{D053B505-4911-4602-9982-4BB7DCDC0CCD}.Debug|Any CPU.ActiveCfg = Debug|iPhone
		{D053B505-4911-4602-9982-4BB7DCDC0CCD}.Debug|Any CPU.Build.0 = Debug|iPhone
		{D053B505-4911-4602-9982-4BB7DCDC0CCD}.Debug|ARM.ActiveCfg = Debug|iPhone
		{D053B505-4911-4602-9982-4BB7DCDC0CCD}.Debug|iPhone.ActiveCfg = Debug|iPhone
		{D053B505-4911-4602-9982-4BB7DCDC0CCD}.Debug|iPhone.Build.0 = Debug|iPhone
		{D053B505-4911-4602-9982-4BB7DCDC0CCD}.Debug|iPhoneSimulator.ActiveCfg = Debug|iPhoneSimulator
		{D053B505-4911-4602-9982-4BB7DCDC0CCD}.Debug|iPhoneSimulator.Build.0 = Debug|iPhoneSimulator
		{D053B505-4911-4602-9982-4BB7DCDC0CCD}.Debug|Mixed Platforms.ActiveCfg = Debug|iPhone
		{D053B505-4911-4602-9982-4BB7DCDC0CCD}.Debug|Mixed Platforms.Build.0 = Debug|iPhone
		{D053B505-4911-4602-9982-4BB7DCDC0CCD}.Debug|x64.ActiveCfg = Debug|iPhoneSimulator
		{D053B505-4911-4602-9982-4BB7DCDC0CCD}.Debug|x86.ActiveCfg = Debug|iPhone
		{D053B505-4911-4602-9982-4BB7DCDC0CCD}.Release|Any CPU.ActiveCfg = Release|iPhone
		{D053B505-4911-4602-9982-4BB7DCDC0CCD}.Release|ARM.ActiveCfg = Release|iPhone
		{D053B505-4911-4602-9982-4BB7DCDC0CCD}.Release|iPhone.ActiveCfg = Release|iPhone
		{D053B505-4911-4602-9982-4BB7DCDC0CCD}.Release|iPhone.Build.0 = Release|iPhone
		{D053B505-4911-4602-9982-4BB7DCDC0CCD}.Release|iPhoneSimulator.ActiveCfg = Release|iPhoneSimulator
		{D053B505-4911-4602-9982-4BB7DCDC0CCD}.Release|iPhoneSimulator.Build.0 = Release|iPhoneSimulator
		{D053B505-4911-4602-9982-4BB7DCDC0CCD}.Release|Mixed Platforms.ActiveCfg = Release|iPhone
		{D053B505-4911-4602-9982-4BB7DCDC0CCD}.Release|Mixed Platforms.Build.0 = Release|iPhone
		{D053B505-4911-4602-9982-4BB7DCDC0CCD}.Release|x64.ActiveCfg = Release|iPhoneSimulator
		{D053B505-4911-4602-9982-4BB7DCDC0CCD}.Release|x86.ActiveCfg = Release|iPhone
		{233C4EB1-4F77-46BB-8018-CF11CE129AD1}.Ad-Hoc|Any CPU.ActiveCfg = Release|Any CPU
		{233C4EB1-4F77-46BB-8018-CF11CE129AD1}.Ad-Hoc|Any CPU.Build.0 = Release|Any CPU
		{233C4EB1-4F77-46BB-8018-CF11CE129AD1}.Ad-Hoc|Any CPU.Deploy.0 = Release|Any CPU
		{233C4EB1-4F77-46BB-8018-CF11CE129AD1}.Ad-Hoc|ARM.ActiveCfg = Release|Any CPU
		{233C4EB1-4F77-46BB-8018-CF11CE129AD1}.Ad-Hoc|iPhone.ActiveCfg = Release|Any CPU
		{233C4EB1-4F77-46BB-8018-CF11CE129AD1}.Ad-Hoc|iPhoneSimulator.ActiveCfg = Release|Any CPU
		{233C4EB1-4F77-46BB-8018-CF11CE129AD1}.Ad-Hoc|Mixed Platforms.ActiveCfg = Release|Any CPU
		{233C4EB1-4F77-46BB-8018-CF11CE129AD1}.Ad-Hoc|Mixed Platforms.Build.0 = Release|Any CPU
		{233C4EB1-4F77-46BB-8018-CF11CE129AD1}.Ad-Hoc|Mixed Platforms.Deploy.0 = Release|Any CPU
		{233C4EB1-4F77-46BB-8018-CF11CE129AD1}.Ad-Hoc|x64.ActiveCfg = Debug|Any CPU
		{233C4EB1-4F77-46BB-8018-CF11CE129AD1}.Ad-Hoc|x64.Build.0 = Debug|Any CPU
		{233C4EB1-4F77-46BB-8018-CF11CE129AD1}.Ad-Hoc|x64.Deploy.0 = Debug|Any CPU
		{233C4EB1-4F77-46BB-8018-CF11CE129AD1}.Ad-Hoc|x86.ActiveCfg = Release|Any CPU
		{233C4EB1-4F77-46BB-8018-CF11CE129AD1}.AppStore|Any CPU.ActiveCfg = Release|Any CPU
		{233C4EB1-4F77-46BB-8018-CF11CE129AD1}.AppStore|Any CPU.Build.0 = Release|Any CPU
		{233C4EB1-4F77-46BB-8018-CF11CE129AD1}.AppStore|Any CPU.Deploy.0 = Release|Any CPU
		{233C4EB1-4F77-46BB-8018-CF11CE129AD1}.AppStore|ARM.ActiveCfg = Release|Any CPU
		{233C4EB1-4F77-46BB-8018-CF11CE129AD1}.AppStore|iPhone.ActiveCfg = Release|Any CPU
		{233C4EB1-4F77-46BB-8018-CF11CE129AD1}.AppStore|iPhoneSimulator.ActiveCfg = Release|Any CPU
		{233C4EB1-4F77-46BB-8018-CF11CE129AD1}.AppStore|Mixed Platforms.ActiveCfg = Release|Any CPU
		{233C4EB1-4F77-46BB-8018-CF11CE129AD1}.AppStore|Mixed Platforms.Build.0 = Release|Any CPU
		{233C4EB1-4F77-46BB-8018-CF11CE129AD1}.AppStore|Mixed Platforms.Deploy.0 = Release|Any CPU
		{233C4EB1-4F77-46BB-8018-CF11CE129AD1}.AppStore|x64.ActiveCfg = Debug|Any CPU
		{233C4EB1-4F77-46BB-8018-CF11CE129AD1}.AppStore|x64.Build.0 = Debug|Any CPU
		{233C4EB1-4F77-46BB-8018-CF11CE129AD1}.AppStore|x64.Deploy.0 = Debug|Any CPU
		{233C4EB1-4F77-46BB-8018-CF11CE129AD1}.AppStore|x86.ActiveCfg = Release|Any CPU
		{233C4EB1-4F77-46BB-8018-CF11CE129AD1}.Debug|Any CPU.ActiveCfg = Debug|Any CPU
		{233C4EB1-4F77-46BB-8018-CF11CE129AD1}.Debug|Any CPU.Build.0 = Debug|Any CPU
		{233C4EB1-4F77-46BB-8018-CF11CE129AD1}.Debug|Any CPU.Deploy.0 = Debug|Any CPU
		{233C4EB1-4F77-46BB-8018-CF11CE129AD1}.Debug|ARM.ActiveCfg = Debug|Any CPU
		{233C4EB1-4F77-46BB-8018-CF11CE129AD1}.Debug|iPhone.ActiveCfg = Debug|Any CPU
		{233C4EB1-4F77-46BB-8018-CF11CE129AD1}.Debug|iPhone.Build.0 = Debug|Any CPU
		{233C4EB1-4F77-46BB-8018-CF11CE129AD1}.Debug|iPhoneSimulator.ActiveCfg = Debug|Any CPU
		{233C4EB1-4F77-46BB-8018-CF11CE129AD1}.Debug|Mixed Platforms.ActiveCfg = Debug|Any CPU
		{233C4EB1-4F77-46BB-8018-CF11CE129AD1}.Debug|Mixed Platforms.Build.0 = Debug|Any CPU
		{233C4EB1-4F77-46BB-8018-CF11CE129AD1}.Debug|Mixed Platforms.Deploy.0 = Debug|Any CPU
		{233C4EB1-4F77-46BB-8018-CF11CE129AD1}.Debug|x64.ActiveCfg = Debug|Any CPU
		{233C4EB1-4F77-46BB-8018-CF11CE129AD1}.Debug|x64.Build.0 = Debug|Any CPU
		{233C4EB1-4F77-46BB-8018-CF11CE129AD1}.Debug|x64.Deploy.0 = Debug|Any CPU
		{233C4EB1-4F77-46BB-8018-CF11CE129AD1}.Debug|x86.ActiveCfg = Debug|Any CPU
		{233C4EB1-4F77-46BB-8018-CF11CE129AD1}.Release|Any CPU.ActiveCfg = Release|Any CPU
		{233C4EB1-4F77-46BB-8018-CF11CE129AD1}.Release|ARM.ActiveCfg = Release|Any CPU
		{233C4EB1-4F77-46BB-8018-CF11CE129AD1}.Release|iPhone.ActiveCfg = Release|Any CPU
		{233C4EB1-4F77-46BB-8018-CF11CE129AD1}.Release|iPhoneSimulator.ActiveCfg = Release|Any CPU
		{233C4EB1-4F77-46BB-8018-CF11CE129AD1}.Release|Mixed Platforms.ActiveCfg = Release|Any CPU
		{233C4EB1-4F77-46BB-8018-CF11CE129AD1}.Release|Mixed Platforms.Build.0 = Release|Any CPU
		{233C4EB1-4F77-46BB-8018-CF11CE129AD1}.Release|Mixed Platforms.Deploy.0 = Release|Any CPU
		{233C4EB1-4F77-46BB-8018-CF11CE129AD1}.Release|x64.ActiveCfg = Release|Any CPU
		{233C4EB1-4F77-46BB-8018-CF11CE129AD1}.Release|x64.Build.0 = Release|Any CPU
		{233C4EB1-4F77-46BB-8018-CF11CE129AD1}.Release|x64.Deploy.0 = Release|Any CPU
		{233C4EB1-4F77-46BB-8018-CF11CE129AD1}.Release|x86.ActiveCfg = Release|Any CPU
		{D11E01F0-7FA8-4347-BF88-ABB37956F4E3}.Ad-Hoc|Any CPU.ActiveCfg = Debug|Any CPU
		{D11E01F0-7FA8-4347-BF88-ABB37956F4E3}.Ad-Hoc|Any CPU.Build.0 = Debug|Any CPU
		{D11E01F0-7FA8-4347-BF88-ABB37956F4E3}.Ad-Hoc|ARM.ActiveCfg = Debug|Any CPU
		{D11E01F0-7FA8-4347-BF88-ABB37956F4E3}.Ad-Hoc|ARM.Build.0 = Debug|Any CPU
		{D11E01F0-7FA8-4347-BF88-ABB37956F4E3}.Ad-Hoc|iPhone.ActiveCfg = Debug|Any CPU
		{D11E01F0-7FA8-4347-BF88-ABB37956F4E3}.Ad-Hoc|iPhone.Build.0 = Debug|Any CPU
		{D11E01F0-7FA8-4347-BF88-ABB37956F4E3}.Ad-Hoc|iPhoneSimulator.ActiveCfg = Debug|Any CPU
		{D11E01F0-7FA8-4347-BF88-ABB37956F4E3}.Ad-Hoc|iPhoneSimulator.Build.0 = Debug|Any CPU
		{D11E01F0-7FA8-4347-BF88-ABB37956F4E3}.Ad-Hoc|Mixed Platforms.ActiveCfg = Debug|Any CPU
		{D11E01F0-7FA8-4347-BF88-ABB37956F4E3}.Ad-Hoc|Mixed Platforms.Build.0 = Debug|Any CPU
		{D11E01F0-7FA8-4347-BF88-ABB37956F4E3}.Ad-Hoc|x64.ActiveCfg = Debug|Any CPU
		{D11E01F0-7FA8-4347-BF88-ABB37956F4E3}.Ad-Hoc|x64.Build.0 = Debug|Any CPU
		{D11E01F0-7FA8-4347-BF88-ABB37956F4E3}.Ad-Hoc|x86.ActiveCfg = Debug|Any CPU
		{D11E01F0-7FA8-4347-BF88-ABB37956F4E3}.Ad-Hoc|x86.Build.0 = Debug|Any CPU
		{D11E01F0-7FA8-4347-BF88-ABB37956F4E3}.AppStore|Any CPU.ActiveCfg = Debug|Any CPU
		{D11E01F0-7FA8-4347-BF88-ABB37956F4E3}.AppStore|Any CPU.Build.0 = Debug|Any CPU
		{D11E01F0-7FA8-4347-BF88-ABB37956F4E3}.AppStore|ARM.ActiveCfg = Debug|Any CPU
		{D11E01F0-7FA8-4347-BF88-ABB37956F4E3}.AppStore|ARM.Build.0 = Debug|Any CPU
		{D11E01F0-7FA8-4347-BF88-ABB37956F4E3}.AppStore|iPhone.ActiveCfg = Debug|Any CPU
		{D11E01F0-7FA8-4347-BF88-ABB37956F4E3}.AppStore|iPhone.Build.0 = Debug|Any CPU
		{D11E01F0-7FA8-4347-BF88-ABB37956F4E3}.AppStore|iPhoneSimulator.ActiveCfg = Debug|Any CPU
		{D11E01F0-7FA8-4347-BF88-ABB37956F4E3}.AppStore|iPhoneSimulator.Build.0 = Debug|Any CPU
		{D11E01F0-7FA8-4347-BF88-ABB37956F4E3}.AppStore|Mixed Platforms.ActiveCfg = Debug|Any CPU
		{D11E01F0-7FA8-4347-BF88-ABB37956F4E3}.AppStore|Mixed Platforms.Build.0 = Debug|Any CPU
		{D11E01F0-7FA8-4347-BF88-ABB37956F4E3}.AppStore|x64.ActiveCfg = Debug|Any CPU
		{D11E01F0-7FA8-4347-BF88-ABB37956F4E3}.AppStore|x64.Build.0 = Debug|Any CPU
		{D11E01F0-7FA8-4347-BF88-ABB37956F4E3}.AppStore|x86.ActiveCfg = Debug|Any CPU
		{D11E01F0-7FA8-4347-BF88-ABB37956F4E3}.AppStore|x86.Build.0 = Debug|Any CPU
		{D11E01F0-7FA8-4347-BF88-ABB37956F4E3}.Debug|Any CPU.ActiveCfg = Debug|Any CPU
		{D11E01F0-7FA8-4347-BF88-ABB37956F4E3}.Debug|Any CPU.Build.0 = Debug|Any CPU
		{D11E01F0-7FA8-4347-BF88-ABB37956F4E3}.Debug|ARM.ActiveCfg = Debug|Any CPU
		{D11E01F0-7FA8-4347-BF88-ABB37956F4E3}.Debug|ARM.Build.0 = Debug|Any CPU
		{D11E01F0-7FA8-4347-BF88-ABB37956F4E3}.Debug|iPhone.ActiveCfg = Debug|Any CPU
		{D11E01F0-7FA8-4347-BF88-ABB37956F4E3}.Debug|iPhone.Build.0 = Debug|Any CPU
		{D11E01F0-7FA8-4347-BF88-ABB37956F4E3}.Debug|iPhoneSimulator.ActiveCfg = Debug|Any CPU
		{D11E01F0-7FA8-4347-BF88-ABB37956F4E3}.Debug|iPhoneSimulator.Build.0 = Debug|Any CPU
		{D11E01F0-7FA8-4347-BF88-ABB37956F4E3}.Debug|Mixed Platforms.ActiveCfg = Debug|Any CPU
		{D11E01F0-7FA8-4347-BF88-ABB37956F4E3}.Debug|Mixed Platforms.Build.0 = Debug|Any CPU
		{D11E01F0-7FA8-4347-BF88-ABB37956F4E3}.Debug|x64.ActiveCfg = Debug|Any CPU
		{D11E01F0-7FA8-4347-BF88-ABB37956F4E3}.Debug|x64.Build.0 = Debug|Any CPU
		{D11E01F0-7FA8-4347-BF88-ABB37956F4E3}.Debug|x86.ActiveCfg = Debug|Any CPU
		{D11E01F0-7FA8-4347-BF88-ABB37956F4E3}.Debug|x86.Build.0 = Debug|Any CPU
		{D11E01F0-7FA8-4347-BF88-ABB37956F4E3}.Release|Any CPU.ActiveCfg = Release|Any CPU
		{D11E01F0-7FA8-4347-BF88-ABB37956F4E3}.Release|Any CPU.Build.0 = Release|Any CPU
		{D11E01F0-7FA8-4347-BF88-ABB37956F4E3}.Release|ARM.ActiveCfg = Release|Any CPU
		{D11E01F0-7FA8-4347-BF88-ABB37956F4E3}.Release|ARM.Build.0 = Release|Any CPU
		{D11E01F0-7FA8-4347-BF88-ABB37956F4E3}.Release|iPhone.ActiveCfg = Release|Any CPU
		{D11E01F0-7FA8-4347-BF88-ABB37956F4E3}.Release|iPhone.Build.0 = Release|Any CPU
		{D11E01F0-7FA8-4347-BF88-ABB37956F4E3}.Release|iPhoneSimulator.ActiveCfg = Release|Any CPU
		{D11E01F0-7FA8-4347-BF88-ABB37956F4E3}.Release|iPhoneSimulator.Build.0 = Release|Any CPU
		{D11E01F0-7FA8-4347-BF88-ABB37956F4E3}.Release|Mixed Platforms.ActiveCfg = Release|Any CPU
		{D11E01F0-7FA8-4347-BF88-ABB37956F4E3}.Release|Mixed Platforms.Build.0 = Release|Any CPU
		{D11E01F0-7FA8-4347-BF88-ABB37956F4E3}.Release|x64.ActiveCfg = Release|Any CPU
		{D11E01F0-7FA8-4347-BF88-ABB37956F4E3}.Release|x64.Build.0 = Release|Any CPU
		{D11E01F0-7FA8-4347-BF88-ABB37956F4E3}.Release|x86.ActiveCfg = Release|Any CPU
		{D11E01F0-7FA8-4347-BF88-ABB37956F4E3}.Release|x86.Build.0 = Release|Any CPU
		{BC2DC8F4-2E85-44C3-ACAB-BDBA19E695CF}.Ad-Hoc|Any CPU.ActiveCfg = Release|x86
		{BC2DC8F4-2E85-44C3-ACAB-BDBA19E695CF}.Ad-Hoc|Any CPU.Build.0 = Release|x86
		{BC2DC8F4-2E85-44C3-ACAB-BDBA19E695CF}.Ad-Hoc|Any CPU.Deploy.0 = Release|x86
		{BC2DC8F4-2E85-44C3-ACAB-BDBA19E695CF}.Ad-Hoc|ARM.ActiveCfg = Release|ARM
		{BC2DC8F4-2E85-44C3-ACAB-BDBA19E695CF}.Ad-Hoc|ARM.Build.0 = Release|ARM
		{BC2DC8F4-2E85-44C3-ACAB-BDBA19E695CF}.Ad-Hoc|ARM.Deploy.0 = Release|ARM
		{BC2DC8F4-2E85-44C3-ACAB-BDBA19E695CF}.Ad-Hoc|iPhone.ActiveCfg = Release|x86
		{BC2DC8F4-2E85-44C3-ACAB-BDBA19E695CF}.Ad-Hoc|iPhone.Build.0 = Release|x86
		{BC2DC8F4-2E85-44C3-ACAB-BDBA19E695CF}.Ad-Hoc|iPhone.Deploy.0 = Release|x86
		{BC2DC8F4-2E85-44C3-ACAB-BDBA19E695CF}.Ad-Hoc|iPhoneSimulator.ActiveCfg = Release|x86
		{BC2DC8F4-2E85-44C3-ACAB-BDBA19E695CF}.Ad-Hoc|iPhoneSimulator.Build.0 = Release|x86
		{BC2DC8F4-2E85-44C3-ACAB-BDBA19E695CF}.Ad-Hoc|iPhoneSimulator.Deploy.0 = Release|x86
		{BC2DC8F4-2E85-44C3-ACAB-BDBA19E695CF}.Ad-Hoc|Mixed Platforms.ActiveCfg = Release|x86
		{BC2DC8F4-2E85-44C3-ACAB-BDBA19E695CF}.Ad-Hoc|Mixed Platforms.Build.0 = Release|x86
		{BC2DC8F4-2E85-44C3-ACAB-BDBA19E695CF}.Ad-Hoc|Mixed Platforms.Deploy.0 = Release|x86
		{BC2DC8F4-2E85-44C3-ACAB-BDBA19E695CF}.Ad-Hoc|x64.ActiveCfg = Release|x64
		{BC2DC8F4-2E85-44C3-ACAB-BDBA19E695CF}.Ad-Hoc|x64.Build.0 = Release|x64
		{BC2DC8F4-2E85-44C3-ACAB-BDBA19E695CF}.Ad-Hoc|x64.Deploy.0 = Release|x64
		{BC2DC8F4-2E85-44C3-ACAB-BDBA19E695CF}.Ad-Hoc|x86.ActiveCfg = Release|x86
		{BC2DC8F4-2E85-44C3-ACAB-BDBA19E695CF}.Ad-Hoc|x86.Build.0 = Release|x86
		{BC2DC8F4-2E85-44C3-ACAB-BDBA19E695CF}.Ad-Hoc|x86.Deploy.0 = Release|x86
		{BC2DC8F4-2E85-44C3-ACAB-BDBA19E695CF}.AppStore|Any CPU.ActiveCfg = Release|x86
		{BC2DC8F4-2E85-44C3-ACAB-BDBA19E695CF}.AppStore|Any CPU.Build.0 = Release|x86
		{BC2DC8F4-2E85-44C3-ACAB-BDBA19E695CF}.AppStore|Any CPU.Deploy.0 = Release|x86
		{BC2DC8F4-2E85-44C3-ACAB-BDBA19E695CF}.AppStore|ARM.ActiveCfg = Release|ARM
		{BC2DC8F4-2E85-44C3-ACAB-BDBA19E695CF}.AppStore|ARM.Build.0 = Release|ARM
		{BC2DC8F4-2E85-44C3-ACAB-BDBA19E695CF}.AppStore|ARM.Deploy.0 = Release|ARM
		{BC2DC8F4-2E85-44C3-ACAB-BDBA19E695CF}.AppStore|iPhone.ActiveCfg = Release|x86
		{BC2DC8F4-2E85-44C3-ACAB-BDBA19E695CF}.AppStore|iPhone.Build.0 = Release|x86
		{BC2DC8F4-2E85-44C3-ACAB-BDBA19E695CF}.AppStore|iPhone.Deploy.0 = Release|x86
		{BC2DC8F4-2E85-44C3-ACAB-BDBA19E695CF}.AppStore|iPhoneSimulator.ActiveCfg = Release|x86
		{BC2DC8F4-2E85-44C3-ACAB-BDBA19E695CF}.AppStore|iPhoneSimulator.Build.0 = Release|x86
		{BC2DC8F4-2E85-44C3-ACAB-BDBA19E695CF}.AppStore|iPhoneSimulator.Deploy.0 = Release|x86
		{BC2DC8F4-2E85-44C3-ACAB-BDBA19E695CF}.AppStore|Mixed Platforms.ActiveCfg = Release|x86
		{BC2DC8F4-2E85-44C3-ACAB-BDBA19E695CF}.AppStore|Mixed Platforms.Build.0 = Release|x86
		{BC2DC8F4-2E85-44C3-ACAB-BDBA19E695CF}.AppStore|Mixed Platforms.Deploy.0 = Release|x86
		{BC2DC8F4-2E85-44C3-ACAB-BDBA19E695CF}.AppStore|x64.ActiveCfg = Release|x64
		{BC2DC8F4-2E85-44C3-ACAB-BDBA19E695CF}.AppStore|x64.Build.0 = Release|x64
		{BC2DC8F4-2E85-44C3-ACAB-BDBA19E695CF}.AppStore|x64.Deploy.0 = Release|x64
		{BC2DC8F4-2E85-44C3-ACAB-BDBA19E695CF}.AppStore|x86.ActiveCfg = Release|x86
		{BC2DC8F4-2E85-44C3-ACAB-BDBA19E695CF}.AppStore|x86.Build.0 = Release|x86
		{BC2DC8F4-2E85-44C3-ACAB-BDBA19E695CF}.AppStore|x86.Deploy.0 = Release|x86
		{BC2DC8F4-2E85-44C3-ACAB-BDBA19E695CF}.Debug|Any CPU.ActiveCfg = Debug|x86
		{BC2DC8F4-2E85-44C3-ACAB-BDBA19E695CF}.Debug|Any CPU.Build.0 = Debug|x86
		{BC2DC8F4-2E85-44C3-ACAB-BDBA19E695CF}.Debug|Any CPU.Deploy.0 = Debug|x86
		{BC2DC8F4-2E85-44C3-ACAB-BDBA19E695CF}.Debug|ARM.ActiveCfg = Debug|ARM
		{BC2DC8F4-2E85-44C3-ACAB-BDBA19E695CF}.Debug|ARM.Build.0 = Debug|ARM
		{BC2DC8F4-2E85-44C3-ACAB-BDBA19E695CF}.Debug|ARM.Deploy.0 = Debug|ARM
		{BC2DC8F4-2E85-44C3-ACAB-BDBA19E695CF}.Debug|iPhone.ActiveCfg = Debug|x86
		{BC2DC8F4-2E85-44C3-ACAB-BDBA19E695CF}.Debug|iPhoneSimulator.ActiveCfg = Debug|x86
		{BC2DC8F4-2E85-44C3-ACAB-BDBA19E695CF}.Debug|Mixed Platforms.ActiveCfg = Debug|x86
		{BC2DC8F4-2E85-44C3-ACAB-BDBA19E695CF}.Debug|Mixed Platforms.Build.0 = Debug|x86
		{BC2DC8F4-2E85-44C3-ACAB-BDBA19E695CF}.Debug|Mixed Platforms.Deploy.0 = Debug|x86
		{BC2DC8F4-2E85-44C3-ACAB-BDBA19E695CF}.Debug|x64.ActiveCfg = Debug|x64
		{BC2DC8F4-2E85-44C3-ACAB-BDBA19E695CF}.Debug|x64.Build.0 = Debug|x64
		{BC2DC8F4-2E85-44C3-ACAB-BDBA19E695CF}.Debug|x64.Deploy.0 = Debug|x64
		{BC2DC8F4-2E85-44C3-ACAB-BDBA19E695CF}.Debug|x86.ActiveCfg = Debug|x86
		{BC2DC8F4-2E85-44C3-ACAB-BDBA19E695CF}.Debug|x86.Build.0 = Debug|x86
		{BC2DC8F4-2E85-44C3-ACAB-BDBA19E695CF}.Debug|x86.Deploy.0 = Debug|x86
		{BC2DC8F4-2E85-44C3-ACAB-BDBA19E695CF}.Release|Any CPU.ActiveCfg = Release|x86
		{BC2DC8F4-2E85-44C3-ACAB-BDBA19E695CF}.Release|ARM.ActiveCfg = Release|ARM
		{BC2DC8F4-2E85-44C3-ACAB-BDBA19E695CF}.Release|ARM.Build.0 = Release|ARM
		{BC2DC8F4-2E85-44C3-ACAB-BDBA19E695CF}.Release|ARM.Deploy.0 = Release|ARM
		{BC2DC8F4-2E85-44C3-ACAB-BDBA19E695CF}.Release|iPhone.ActiveCfg = Release|x86
		{BC2DC8F4-2E85-44C3-ACAB-BDBA19E695CF}.Release|iPhoneSimulator.ActiveCfg = Release|x86
		{BC2DC8F4-2E85-44C3-ACAB-BDBA19E695CF}.Release|Mixed Platforms.ActiveCfg = Release|x86
		{BC2DC8F4-2E85-44C3-ACAB-BDBA19E695CF}.Release|Mixed Platforms.Build.0 = Release|x86
		{BC2DC8F4-2E85-44C3-ACAB-BDBA19E695CF}.Release|Mixed Platforms.Deploy.0 = Release|x86
		{BC2DC8F4-2E85-44C3-ACAB-BDBA19E695CF}.Release|x64.ActiveCfg = Release|x64
		{BC2DC8F4-2E85-44C3-ACAB-BDBA19E695CF}.Release|x64.Build.0 = Release|x64
		{BC2DC8F4-2E85-44C3-ACAB-BDBA19E695CF}.Release|x64.Deploy.0 = Release|x64
		{BC2DC8F4-2E85-44C3-ACAB-BDBA19E695CF}.Release|x86.ActiveCfg = Release|x86
		{BC2DC8F4-2E85-44C3-ACAB-BDBA19E695CF}.Release|x86.Build.0 = Release|x86
		{BC2DC8F4-2E85-44C3-ACAB-BDBA19E695CF}.Release|x86.Deploy.0 = Release|x86
		{4E798D08-8459-4878-8308-E9D6555FAB8C}.Ad-Hoc|Any CPU.ActiveCfg = Release|Any CPU
		{4E798D08-8459-4878-8308-E9D6555FAB8C}.Ad-Hoc|Any CPU.Build.0 = Release|Any CPU
		{4E798D08-8459-4878-8308-E9D6555FAB8C}.Ad-Hoc|ARM.ActiveCfg = Release|Any CPU
		{4E798D08-8459-4878-8308-E9D6555FAB8C}.Ad-Hoc|ARM.Build.0 = Release|Any CPU
		{4E798D08-8459-4878-8308-E9D6555FAB8C}.Ad-Hoc|iPhone.ActiveCfg = Release|Any CPU
		{4E798D08-8459-4878-8308-E9D6555FAB8C}.Ad-Hoc|iPhone.Build.0 = Release|Any CPU
		{4E798D08-8459-4878-8308-E9D6555FAB8C}.Ad-Hoc|iPhoneSimulator.ActiveCfg = Release|Any CPU
		{4E798D08-8459-4878-8308-E9D6555FAB8C}.Ad-Hoc|iPhoneSimulator.Build.0 = Release|Any CPU
		{4E798D08-8459-4878-8308-E9D6555FAB8C}.Ad-Hoc|Mixed Platforms.ActiveCfg = Release|Any CPU
		{4E798D08-8459-4878-8308-E9D6555FAB8C}.Ad-Hoc|Mixed Platforms.Build.0 = Release|Any CPU
		{4E798D08-8459-4878-8308-E9D6555FAB8C}.Ad-Hoc|x64.ActiveCfg = Release|Any CPU
		{4E798D08-8459-4878-8308-E9D6555FAB8C}.Ad-Hoc|x64.Build.0 = Release|Any CPU
		{4E798D08-8459-4878-8308-E9D6555FAB8C}.Ad-Hoc|x86.ActiveCfg = Release|Any CPU
		{4E798D08-8459-4878-8308-E9D6555FAB8C}.Ad-Hoc|x86.Build.0 = Release|Any CPU
		{4E798D08-8459-4878-8308-E9D6555FAB8C}.AppStore|Any CPU.ActiveCfg = Release|Any CPU
		{4E798D08-8459-4878-8308-E9D6555FAB8C}.AppStore|Any CPU.Build.0 = Release|Any CPU
		{4E798D08-8459-4878-8308-E9D6555FAB8C}.AppStore|ARM.ActiveCfg = Release|Any CPU
		{4E798D08-8459-4878-8308-E9D6555FAB8C}.AppStore|ARM.Build.0 = Release|Any CPU
		{4E798D08-8459-4878-8308-E9D6555FAB8C}.AppStore|iPhone.ActiveCfg = Release|Any CPU
		{4E798D08-8459-4878-8308-E9D6555FAB8C}.AppStore|iPhone.Build.0 = Release|Any CPU
		{4E798D08-8459-4878-8308-E9D6555FAB8C}.AppStore|iPhoneSimulator.ActiveCfg = Release|Any CPU
		{4E798D08-8459-4878-8308-E9D6555FAB8C}.AppStore|iPhoneSimulator.Build.0 = Release|Any CPU
		{4E798D08-8459-4878-8308-E9D6555FAB8C}.AppStore|Mixed Platforms.ActiveCfg = Release|Any CPU
		{4E798D08-8459-4878-8308-E9D6555FAB8C}.AppStore|Mixed Platforms.Build.0 = Release|Any CPU
		{4E798D08-8459-4878-8308-E9D6555FAB8C}.AppStore|x64.ActiveCfg = Release|Any CPU
		{4E798D08-8459-4878-8308-E9D6555FAB8C}.AppStore|x64.Build.0 = Release|Any CPU
		{4E798D08-8459-4878-8308-E9D6555FAB8C}.AppStore|x86.ActiveCfg = Release|Any CPU
		{4E798D08-8459-4878-8308-E9D6555FAB8C}.AppStore|x86.Build.0 = Release|Any CPU
		{4E798D08-8459-4878-8308-E9D6555FAB8C}.Debug|Any CPU.ActiveCfg = Debug|Any CPU
		{4E798D08-8459-4878-8308-E9D6555FAB8C}.Debug|Any CPU.Build.0 = Debug|Any CPU
		{4E798D08-8459-4878-8308-E9D6555FAB8C}.Debug|ARM.ActiveCfg = Debug|Any CPU
		{4E798D08-8459-4878-8308-E9D6555FAB8C}.Debug|ARM.Build.0 = Debug|Any CPU
		{4E798D08-8459-4878-8308-E9D6555FAB8C}.Debug|iPhone.ActiveCfg = Debug|Any CPU
		{4E798D08-8459-4878-8308-E9D6555FAB8C}.Debug|iPhone.Build.0 = Debug|Any CPU
		{4E798D08-8459-4878-8308-E9D6555FAB8C}.Debug|iPhoneSimulator.ActiveCfg = Debug|Any CPU
		{4E798D08-8459-4878-8308-E9D6555FAB8C}.Debug|iPhoneSimulator.Build.0 = Debug|Any CPU
		{4E798D08-8459-4878-8308-E9D6555FAB8C}.Debug|Mixed Platforms.ActiveCfg = Debug|Any CPU
		{4E798D08-8459-4878-8308-E9D6555FAB8C}.Debug|Mixed Platforms.Build.0 = Debug|Any CPU
		{4E798D08-8459-4878-8308-E9D6555FAB8C}.Debug|x64.ActiveCfg = Debug|Any CPU
		{4E798D08-8459-4878-8308-E9D6555FAB8C}.Debug|x64.Build.0 = Debug|Any CPU
		{4E798D08-8459-4878-8308-E9D6555FAB8C}.Debug|x86.ActiveCfg = Debug|Any CPU
		{4E798D08-8459-4878-8308-E9D6555FAB8C}.Debug|x86.Build.0 = Debug|Any CPU
		{4E798D08-8459-4878-8308-E9D6555FAB8C}.Release|Any CPU.ActiveCfg = Release|Any CPU
		{4E798D08-8459-4878-8308-E9D6555FAB8C}.Release|Any CPU.Build.0 = Release|Any CPU
		{4E798D08-8459-4878-8308-E9D6555FAB8C}.Release|ARM.ActiveCfg = Release|Any CPU
		{4E798D08-8459-4878-8308-E9D6555FAB8C}.Release|ARM.Build.0 = Release|Any CPU
		{4E798D08-8459-4878-8308-E9D6555FAB8C}.Release|iPhone.ActiveCfg = Release|Any CPU
		{4E798D08-8459-4878-8308-E9D6555FAB8C}.Release|iPhone.Build.0 = Release|Any CPU
		{4E798D08-8459-4878-8308-E9D6555FAB8C}.Release|iPhoneSimulator.ActiveCfg = Release|Any CPU
		{4E798D08-8459-4878-8308-E9D6555FAB8C}.Release|iPhoneSimulator.Build.0 = Release|Any CPU
		{4E798D08-8459-4878-8308-E9D6555FAB8C}.Release|Mixed Platforms.ActiveCfg = Release|Any CPU
		{4E798D08-8459-4878-8308-E9D6555FAB8C}.Release|Mixed Platforms.Build.0 = Release|Any CPU
		{4E798D08-8459-4878-8308-E9D6555FAB8C}.Release|x64.ActiveCfg = Release|Any CPU
		{4E798D08-8459-4878-8308-E9D6555FAB8C}.Release|x64.Build.0 = Release|Any CPU
		{4E798D08-8459-4878-8308-E9D6555FAB8C}.Release|x86.ActiveCfg = Release|Any CPU
		{4E798D08-8459-4878-8308-E9D6555FAB8C}.Release|x86.Build.0 = Release|Any CPU
	EndGlobalSection
	GlobalSection(SolutionProperties) = preSolution
		HideSolutionNode = FALSE
	EndGlobalSection
	GlobalSection(ExtensibilityGlobals) = postSolution
		SolutionGuid = {44B75D88-EB87-41F7-92C0-5FBBAF6BD92C}
	EndGlobalSection
EndGlobal
