
Microsoft Visual Studio Solution File, Format Version 12.00
# Visual Studio 15
VisualStudioVersion = 15.0.26228.4
MinimumVisualStudioVersion = 10.0.40219.1
Project("{2150E333-8FDC-42A3-9474-1A3956D46DE8}") = "Library", "Library", "{842D84E4-CC94-4D47-AED3-6C6AB698A57B}"
EndProject
Project("{2150E333-8FDC-42A3-9474-1A3956D46DE8}") = "Solution Items", "Solution Items", "{1B46D2F8-5264-44C7-93F1-BE0DAA9DF061}"
	ProjectSection(SolutionItems) = preProject
		..\nuspec\Acr.DeviceInfo.nuspec = ..\nuspec\Acr.DeviceInfo.nuspec
		..\bootbuild.ps1 = ..\bootbuild.ps1
		..\bootbuild.sh = ..\bootbuild.sh
		..\build.cake = ..\build.cake
		..\build.cmd = ..\build.cmd
		..\license.txt = ..\license.txt
		..\nuspec\pack.cmd = ..\nuspec\pack.cmd
		..\nuspec\push.cmd = ..\nuspec\push.cmd
		..\readme.md = ..\readme.md
	EndProjectSection
EndProject
Project("{2150E333-8FDC-42A3-9474-1A3956D46DE8}") = "Sample", "Sample", "{D8FE182E-82E8-40E5-BC2E-10852401B3CD}"
EndProject
Project("{FAE04EC0-301F-11D3-BF4B-00C04F79EFBC}") = "Samples", "Samples\Samples\Samples.csproj", "{5B47DDBE-E702-4D70-8E37-B6CFB03FA8DA}"
EndProject
Project("{FAE04EC0-301F-11D3-BF4B-00C04F79EFBC}") = "Samples.iOS", "Samples\Samples.iOS\Samples.iOS.csproj", "{D053B505-4911-4602-9982-4BB7DCDC0CCD}"
EndProject
Project("{FAE04EC0-301F-11D3-BF4B-00C04F79EFBC}") = "Samples.Droid", "Samples\Samples.Droid\Samples.Droid.csproj", "{233C4EB1-4F77-46BB-8018-CF11CE129AD1}"
EndProject
Project("{FAE04EC0-301F-11D3-BF4B-00C04F79EFBC}") = "Plugin.DeviceInfo", "Plugin.DeviceInfo\Plugin.DeviceInfo.csproj", "{D11E01F0-7FA8-4347-BF88-ABB37956F4E3}"
EndProject
Project("{FAE04EC0-301F-11D3-BF4B-00C04F79EFBC}") = "Plugin.DeviceInfo.Abstractions", "Plugin.DeviceInfo.Abstractions\Plugin.DeviceInfo.Abstractions.csproj", "{D5ECCF1B-12F0-477F-814B-FCCDA648A85C}"
EndProject
Project("{D954291E-2A0B-460D-934E-DC6B0785DB48}") = "Plugin.DeviceInfo.Shared", "Plugin.DeviceInfo.Shared\Plugin.DeviceInfo.Shared.shproj", "{993982F0-3438-405E-BE5E-515842CE2842}"
EndProject
Project("{D954291E-2A0B-460D-934E-DC6B0785DB48}") = "Plugin.DeviceInfo.Apple.Shared", "Plugin.DeviceInfo.Apple.Shared\Plugin.DeviceInfo.Apple.Shared.shproj", "{A409BBA6-1003-492E-8656-392D18FCA7F6}"
EndProject
Project("{FAE04EC0-301F-11D3-BF4B-00C04F79EFBC}") = "Plugin.DeviceInfo.tvOS", "Plugin.DeviceInfo.tvOS\Plugin.DeviceInfo.tvOS.csproj", "{F6BCC458-30FE-4510-B17F-886E1F93D003}"
EndProject
Project("{FAE04EC0-301F-11D3-BF4B-00C04F79EFBC}") = "Plugin.DeviceInfo.Android", "Plugin.DeviceInfo.Android\Plugin.DeviceInfo.Android.csproj", "{731F72FB-FEC9-4980-AA66-2C471815CCFB}"
EndProject
Project("{FAE04EC0-301F-11D3-BF4B-00C04F79EFBC}") = "Plugin.DeviceInfo.Net", "Plugin.DeviceInfo.Net\Plugin.DeviceInfo.Net.csproj", "{DD644F09-6953-4585-B5C2-5CF4D21B0E69}"
EndProject
Project("{FAE04EC0-301F-11D3-BF4B-00C04F79EFBC}") = "Plugin.DeviceInfo.iOS", "Plugin.DeviceInfo.iOS\Plugin.DeviceInfo.iOS.csproj", "{C3ABE1BF-0D77-42C5-880E-D9C605198BC6}"
EndProject
Project("{2150E333-8FDC-42A3-9474-1A3956D46DE8}") = "Apple", "Apple", "{016C10F1-046E-4819-9C19-D8AD6D2B0C79}"
EndProject
Project("{FAE04EC0-301F-11D3-BF4B-00C04F79EFBC}") = "Plugin.DeviceInfo.Uwp", "Plugin.DeviceInfo.Uwp\Plugin.DeviceInfo.Uwp.csproj", "{E88504E9-8F0A-4112-B453-C0B7152CEABF}"
EndProject
Project("{FAE04EC0-301F-11D3-BF4B-00C04F79EFBC}") = "Samples.Uwp", "Samples\Samples.Uwp\Samples.Uwp.csproj", "{BC2DC8F4-2E85-44C3-ACAB-BDBA19E695CF}"
EndProject
Project("{FAE04EC0-301F-11D3-BF4B-00C04F79EFBC}") = "Plugin.DeviceInfo.Mac", "Plugin.DeviceInfo.Mac\Plugin.DeviceInfo.Mac.csproj", "{8A0FC475-221D-4FE0-8308-3F703DC08F52}"
EndProject
Global
	GlobalSection(SharedMSBuildProjectFiles) = preSolution
		Plugin.DeviceInfo.Shared\Plugin.DeviceInfo.Shared.projitems*{731f72fb-fec9-4980-aa66-2c471815ccfb}*SharedItemsImports = 4
		Plugin.DeviceInfo.Apple.Shared\Plugin.DeviceInfo.Apple.Shared.projitems*{8a0fc475-221d-4fe0-8308-3f703dc08f52}*SharedItemsImports = 4
		Plugin.DeviceInfo.Shared\Plugin.DeviceInfo.Shared.projitems*{8a0fc475-221d-4fe0-8308-3f703dc08f52}*SharedItemsImports = 4
		Plugin.DeviceInfo.Shared\Plugin.DeviceInfo.Shared.projitems*{993982f0-3438-405e-be5e-515842ce2842}*SharedItemsImports = 13
		Plugin.DeviceInfo.Apple.Shared\Plugin.DeviceInfo.Apple.Shared.projitems*{a409bba6-1003-492e-8656-392d18fca7f6}*SharedItemsImports = 13
		Plugin.DeviceInfo.Apple.Shared\Plugin.DeviceInfo.Apple.Shared.projitems*{c3abe1bf-0d77-42c5-880e-d9c605198bc6}*SharedItemsImports = 4
		Plugin.DeviceInfo.Shared\Plugin.DeviceInfo.Shared.projitems*{c3abe1bf-0d77-42c5-880e-d9c605198bc6}*SharedItemsImports = 4
		Plugin.DeviceInfo.Shared\Plugin.DeviceInfo.Shared.projitems*{dd644f09-6953-4585-b5c2-5cf4d21b0e69}*SharedItemsImports = 4
		Plugin.DeviceInfo.Shared\Plugin.DeviceInfo.Shared.projitems*{e88504e9-8f0a-4112-b453-c0b7152ceabf}*SharedItemsImports = 4
		Plugin.DeviceInfo.Apple.Shared\Plugin.DeviceInfo.Apple.Shared.projitems*{f6bcc458-30fe-4510-b17f-886e1f93d003}*SharedItemsImports = 4
		Plugin.DeviceInfo.Shared\Plugin.DeviceInfo.Shared.projitems*{f6bcc458-30fe-4510-b17f-886e1f93d003}*SharedItemsImports = 4
	EndGlobalSection
	GlobalSection(SolutionConfigurationPlatforms) = preSolution
		Ad-Hoc|Any CPU = Ad-Hoc|Any CPU
		Ad-Hoc|ARM = Ad-Hoc|ARM
		Ad-Hoc|iPhone = Ad-Hoc|iPhone
		Ad-Hoc|iPhoneSimulator = Ad-Hoc|iPhoneSimulator
		Ad-Hoc|Mixed Platforms = Ad-Hoc|Mixed Platforms
		Ad-Hoc|x64 = Ad-Hoc|x64
		Ad-Hoc|x86 = Ad-Hoc|x86
		AppStore|Any CPU = AppStore|Any CPU
		AppStore|ARM = AppStore|ARM
		AppStore|iPhone = AppStore|iPhone
		AppStore|iPhoneSimulator = AppStore|iPhoneSimulator
		AppStore|Mixed Platforms = AppStore|Mixed Platforms
		AppStore|x64 = AppStore|x64
		AppStore|x86 = AppStore|x86
		Debug|Any CPU = Debug|Any CPU
		Debug|ARM = Debug|ARM
		Debug|iPhone = Debug|iPhone
		Debug|iPhoneSimulator = Debug|iPhoneSimulator
		Debug|Mixed Platforms = Debug|Mixed Platforms
		Debug|x64 = Debug|x64
		Debug|x86 = Debug|x86
		Release|Any CPU = Release|Any CPU
		Release|ARM = Release|ARM
		Release|iPhone = Release|iPhone
		Release|iPhoneSimulator = Release|iPhoneSimulator
		Release|Mixed Platforms = Release|Mixed Platforms
		Release|x64 = Release|x64
		Release|x86 = Release|x86
	EndGlobalSection
	GlobalSection(ProjectConfigurationPlatforms) = postSolution
		{5B47DDBE-E702-4D70-8E37-B6CFB03FA8DA}.Ad-Hoc|Any CPU.ActiveCfg = Release|Any CPU
		{5B47DDBE-E702-4D70-8E37-B6CFB03FA8DA}.Ad-Hoc|Any CPU.Build.0 = Release|Any CPU
		{5B47DDBE-E702-4D70-8E37-B6CFB03FA8DA}.Ad-Hoc|ARM.ActiveCfg = Release|Any CPU
		{5B47DDBE-E702-4D70-8E37-B6CFB03FA8DA}.Ad-Hoc|iPhone.ActiveCfg = Release|Any CPU
		{5B47DDBE-E702-4D70-8E37-B6CFB03FA8DA}.Ad-Hoc|iPhoneSimulator.ActiveCfg = Release|Any CPU
		{5B47DDBE-E702-4D70-8E37-B6CFB03FA8DA}.Ad-Hoc|Mixed Platforms.ActiveCfg = Release|Any CPU
		{5B47DDBE-E702-4D70-8E37-B6CFB03FA8DA}.Ad-Hoc|Mixed Platforms.Build.0 = Release|Any CPU
		{5B47DDBE-E702-4D70-8E37-B6CFB03FA8DA}.Ad-Hoc|x64.ActiveCfg = Debug|Any CPU
		{5B47DDBE-E702-4D70-8E37-B6CFB03FA8DA}.Ad-Hoc|x64.Build.0 = Debug|Any CPU
		{5B47DDBE-E702-4D70-8E37-B6CFB03FA8DA}.Ad-Hoc|x86.ActiveCfg = Release|Any CPU
		{5B47DDBE-E702-4D70-8E37-B6CFB03FA8DA}.AppStore|Any CPU.ActiveCfg = Release|Any CPU
		{5B47DDBE-E702-4D70-8E37-B6CFB03FA8DA}.AppStore|Any CPU.Build.0 = Release|Any CPU
		{5B47DDBE-E702-4D70-8E37-B6CFB03FA8DA}.AppStore|ARM.ActiveCfg = Release|Any CPU
		{5B47DDBE-E702-4D70-8E37-B6CFB03FA8DA}.AppStore|iPhone.ActiveCfg = Release|Any CPU
		{5B47DDBE-E702-4D70-8E37-B6CFB03FA8DA}.AppStore|iPhoneSimulator.ActiveCfg = Release|Any CPU
		{5B47DDBE-E702-4D70-8E37-B6CFB03FA8DA}.AppStore|Mixed Platforms.ActiveCfg = Release|Any CPU
		{5B47DDBE-E702-4D70-8E37-B6CFB03FA8DA}.AppStore|Mixed Platforms.Build.0 = Release|Any CPU
		{5B47DDBE-E702-4D70-8E37-B6CFB03FA8DA}.AppStore|x64.ActiveCfg = Debug|Any CPU
		{5B47DDBE-E702-4D70-8E37-B6CFB03FA8DA}.AppStore|x64.Build.0 = Debug|Any CPU
		{5B47DDBE-E702-4D70-8E37-B6CFB03FA8DA}.AppStore|x86.ActiveCfg = Release|Any CPU
		{5B47DDBE-E702-4D70-8E37-B6CFB03FA8DA}.Debug|Any CPU.ActiveCfg = Debug|Any CPU
		{5B47DDBE-E702-4D70-8E37-B6CFB03FA8DA}.Debug|Any CPU.Build.0 = Debug|Any CPU
		{5B47DDBE-E702-4D70-8E37-B6CFB03FA8DA}.Debug|ARM.ActiveCfg = Debug|Any CPU
		{5B47DDBE-E702-4D70-8E37-B6CFB03FA8DA}.Debug|iPhone.ActiveCfg = Debug|Any CPU
		{5B47DDBE-E702-4D70-8E37-B6CFB03FA8DA}.Debug|iPhone.Build.0 = Debug|Any CPU
		{5B47DDBE-E702-4D70-8E37-B6CFB03FA8DA}.Debug|iPhoneSimulator.ActiveCfg = Debug|Any CPU
		{5B47DDBE-E702-4D70-8E37-B6CFB03FA8DA}.Debug|iPhoneSimulator.Build.0 = Debug|Any CPU
		{5B47DDBE-E702-4D70-8E37-B6CFB03FA8DA}.Debug|Mixed Platforms.ActiveCfg = Debug|Any CPU
		{5B47DDBE-E702-4D70-8E37-B6CFB03FA8DA}.Debug|Mixed Platforms.Build.0 = Debug|Any CPU
		{5B47DDBE-E702-4D70-8E37-B6CFB03FA8DA}.Debug|x64.ActiveCfg = Debug|Any CPU
		{5B47DDBE-E702-4D70-8E37-B6CFB03FA8DA}.Debug|x64.Build.0 = Debug|Any CPU
		{5B47DDBE-E702-4D70-8E37-B6CFB03FA8DA}.Debug|x86.ActiveCfg = Debug|Any CPU
		{5B47DDBE-E702-4D70-8E37-B6CFB03FA8DA}.Release|Any CPU.ActiveCfg = Release|Any CPU
		{5B47DDBE-E702-4D70-8E37-B6CFB03FA8DA}.Release|Any CPU.Build.0 = Release|Any CPU
		{5B47DDBE-E702-4D70-8E37-B6CFB03FA8DA}.Release|ARM.ActiveCfg = Release|Any CPU
		{5B47DDBE-E702-4D70-8E37-B6CFB03FA8DA}.Release|iPhone.ActiveCfg = Release|Any CPU
		{5B47DDBE-E702-4D70-8E37-B6CFB03FA8DA}.Release|iPhoneSimulator.ActiveCfg = Release|Any CPU
		{5B47DDBE-E702-4D70-8E37-B6CFB03FA8DA}.Release|Mixed Platforms.ActiveCfg = Release|Any CPU
		{5B47DDBE-E702-4D70-8E37-B6CFB03FA8DA}.Release|Mixed Platforms.Build.0 = Release|Any CPU
		{5B47DDBE-E702-4D70-8E37-B6CFB03FA8DA}.Release|x64.ActiveCfg = Release|Any CPU
		{5B47DDBE-E702-4D70-8E37-B6CFB03FA8DA}.Release|x64.Build.0 = Release|Any CPU
		{5B47DDBE-E702-4D70-8E37-B6CFB03FA8DA}.Release|x86.ActiveCfg = Release|Any CPU
		{D053B505-4911-4602-9982-4BB7DCDC0CCD}.Ad-Hoc|Any CPU.ActiveCfg = Ad-Hoc|iPhone
		{D053B505-4911-4602-9982-4BB7DCDC0CCD}.Ad-Hoc|ARM.ActiveCfg = Ad-Hoc|iPhone
		{D053B505-4911-4602-9982-4BB7DCDC0CCD}.Ad-Hoc|iPhone.ActiveCfg = Ad-Hoc|iPhone
		{D053B505-4911-4602-9982-4BB7DCDC0CCD}.Ad-Hoc|iPhone.Build.0 = Ad-Hoc|iPhone
		{D053B505-4911-4602-9982-4BB7DCDC0CCD}.Ad-Hoc|iPhoneSimulator.ActiveCfg = Ad-Hoc|iPhoneSimulator
		{D053B505-4911-4602-9982-4BB7DCDC0CCD}.Ad-Hoc|iPhoneSimulator.Build.0 = Ad-Hoc|iPhoneSimulator
		{D053B505-4911-4602-9982-4BB7DCDC0CCD}.Ad-Hoc|Mixed Platforms.ActiveCfg = Ad-Hoc|iPhone
		{D053B505-4911-4602-9982-4BB7DCDC0CCD}.Ad-Hoc|Mixed Platforms.Build.0 = Ad-Hoc|iPhone
		{D053B505-4911-4602-9982-4BB7DCDC0CCD}.Ad-Hoc|x64.ActiveCfg = Ad-Hoc|iPhoneSimulator
		{D053B505-4911-4602-9982-4BB7DCDC0CCD}.Ad-Hoc|x86.ActiveCfg = Ad-Hoc|iPhone
		{D053B505-4911-4602-9982-4BB7DCDC0CCD}.AppStore|Any CPU.ActiveCfg = AppStore|iPhone
		{D053B505-4911-4602-9982-4BB7DCDC0CCD}.AppStore|ARM.ActiveCfg = AppStore|iPhone
		{D053B505-4911-4602-9982-4BB7DCDC0CCD}.AppStore|iPhone.ActiveCfg = AppStore|iPhone
		{D053B505-4911-4602-9982-4BB7DCDC0CCD}.AppStore|iPhone.Build.0 = AppStore|iPhone
		{D053B505-4911-4602-9982-4BB7DCDC0CCD}.AppStore|iPhoneSimulator.ActiveCfg = AppStore|iPhoneSimulator
		{D053B505-4911-4602-9982-4BB7DCDC0CCD}.AppStore|iPhoneSimulator.Build.0 = AppStore|iPhoneSimulator
		{D053B505-4911-4602-9982-4BB7DCDC0CCD}.AppStore|Mixed Platforms.ActiveCfg = AppStore|iPhone
		{D053B505-4911-4602-9982-4BB7DCDC0CCD}.AppStore|Mixed Platforms.Build.0 = AppStore|iPhone
		{D053B505-4911-4602-9982-4BB7DCDC0CCD}.AppStore|x64.ActiveCfg = AppStore|iPhoneSimulator
		{D053B505-4911-4602-9982-4BB7DCDC0CCD}.AppStore|x86.ActiveCfg = AppStore|iPhone
		{D053B505-4911-4602-9982-4BB7DCDC0CCD}.Debug|Any CPU.ActiveCfg = Debug|iPhone
		{D053B505-4911-4602-9982-4BB7DCDC0CCD}.Debug|Any CPU.Build.0 = Debug|iPhone
		{D053B505-4911-4602-9982-4BB7DCDC0CCD}.Debug|ARM.ActiveCfg = Debug|iPhone
		{D053B505-4911-4602-9982-4BB7DCDC0CCD}.Debug|iPhone.ActiveCfg = Debug|iPhone
		{D053B505-4911-4602-9982-4BB7DCDC0CCD}.Debug|iPhone.Build.0 = Debug|iPhone
		{D053B505-4911-4602-9982-4BB7DCDC0CCD}.Debug|iPhoneSimulator.ActiveCfg = Debug|iPhoneSimulator
		{D053B505-4911-4602-9982-4BB7DCDC0CCD}.Debug|iPhoneSimulator.Build.0 = Debug|iPhoneSimulator
		{D053B505-4911-4602-9982-4BB7DCDC0CCD}.Debug|Mixed Platforms.ActiveCfg = Debug|iPhone
		{D053B505-4911-4602-9982-4BB7DCDC0CCD}.Debug|Mixed Platforms.Build.0 = Debug|iPhone
		{D053B505-4911-4602-9982-4BB7DCDC0CCD}.Debug|x64.ActiveCfg = Debug|iPhoneSimulator
		{D053B505-4911-4602-9982-4BB7DCDC0CCD}.Debug|x86.ActiveCfg = Debug|iPhone
		{D053B505-4911-4602-9982-4BB7DCDC0CCD}.Release|Any CPU.ActiveCfg = Release|iPhone
		{D053B505-4911-4602-9982-4BB7DCDC0CCD}.Release|ARM.ActiveCfg = Release|iPhone
		{D053B505-4911-4602-9982-4BB7DCDC0CCD}.Release|iPhone.ActiveCfg = Release|iPhone
		{D053B505-4911-4602-9982-4BB7DCDC0CCD}.Release|iPhone.Build.0 = Release|iPhone
		{D053B505-4911-4602-9982-4BB7DCDC0CCD}.Release|iPhoneSimulator.ActiveCfg = Release|iPhoneSimulator
		{D053B505-4911-4602-9982-4BB7DCDC0CCD}.Release|iPhoneSimulator.Build.0 = Release|iPhoneSimulator
		{D053B505-4911-4602-9982-4BB7DCDC0CCD}.Release|Mixed Platforms.ActiveCfg = Release|iPhone
		{D053B505-4911-4602-9982-4BB7DCDC0CCD}.Release|Mixed Platforms.Build.0 = Release|iPhone
		{D053B505-4911-4602-9982-4BB7DCDC0CCD}.Release|x64.ActiveCfg = Release|iPhoneSimulator
		{D053B505-4911-4602-9982-4BB7DCDC0CCD}.Release|x86.ActiveCfg = Release|iPhone
		{233C4EB1-4F77-46BB-8018-CF11CE129AD1}.Ad-Hoc|Any CPU.ActiveCfg = Release|Any CPU
		{233C4EB1-4F77-46BB-8018-CF11CE129AD1}.Ad-Hoc|Any CPU.Build.0 = Release|Any CPU
		{233C4EB1-4F77-46BB-8018-CF11CE129AD1}.Ad-Hoc|Any CPU.Deploy.0 = Release|Any CPU
		{233C4EB1-4F77-46BB-8018-CF11CE129AD1}.Ad-Hoc|ARM.ActiveCfg = Release|Any CPU
		{233C4EB1-4F77-46BB-8018-CF11CE129AD1}.Ad-Hoc|iPhone.ActiveCfg = Release|Any CPU
		{233C4EB1-4F77-46BB-8018-CF11CE129AD1}.Ad-Hoc|iPhoneSimulator.ActiveCfg = Release|Any CPU
		{233C4EB1-4F77-46BB-8018-CF11CE129AD1}.Ad-Hoc|Mixed Platforms.ActiveCfg = Release|Any CPU
		{233C4EB1-4F77-46BB-8018-CF11CE129AD1}.Ad-Hoc|Mixed Platforms.Build.0 = Release|Any CPU
		{233C4EB1-4F77-46BB-8018-CF11CE129AD1}.Ad-Hoc|Mixed Platforms.Deploy.0 = Release|Any CPU
		{233C4EB1-4F77-46BB-8018-CF11CE129AD1}.Ad-Hoc|x64.ActiveCfg = Debug|Any CPU
		{233C4EB1-4F77-46BB-8018-CF11CE129AD1}.Ad-Hoc|x64.Build.0 = Debug|Any CPU
		{233C4EB1-4F77-46BB-8018-CF11CE129AD1}.Ad-Hoc|x64.Deploy.0 = Debug|Any CPU
		{233C4EB1-4F77-46BB-8018-CF11CE129AD1}.Ad-Hoc|x86.ActiveCfg = Release|Any CPU
		{233C4EB1-4F77-46BB-8018-CF11CE129AD1}.AppStore|Any CPU.ActiveCfg = Release|Any CPU
		{233C4EB1-4F77-46BB-8018-CF11CE129AD1}.AppStore|Any CPU.Build.0 = Release|Any CPU
		{233C4EB1-4F77-46BB-8018-CF11CE129AD1}.AppStore|Any CPU.Deploy.0 = Release|Any CPU
		{233C4EB1-4F77-46BB-8018-CF11CE129AD1}.AppStore|ARM.ActiveCfg = Release|Any CPU
		{233C4EB1-4F77-46BB-8018-CF11CE129AD1}.AppStore|iPhone.ActiveCfg = Release|Any CPU
		{233C4EB1-4F77-46BB-8018-CF11CE129AD1}.AppStore|iPhoneSimulator.ActiveCfg = Release|Any CPU
		{233C4EB1-4F77-46BB-8018-CF11CE129AD1}.AppStore|Mixed Platforms.ActiveCfg = Release|Any CPU
		{233C4EB1-4F77-46BB-8018-CF11CE129AD1}.AppStore|Mixed Platforms.Build.0 = Release|Any CPU
		{233C4EB1-4F77-46BB-8018-CF11CE129AD1}.AppStore|Mixed Platforms.Deploy.0 = Release|Any CPU
		{233C4EB1-4F77-46BB-8018-CF11CE129AD1}.AppStore|x64.ActiveCfg = Debug|Any CPU
		{233C4EB1-4F77-46BB-8018-CF11CE129AD1}.AppStore|x64.Build.0 = Debug|Any CPU
		{233C4EB1-4F77-46BB-8018-CF11CE129AD1}.AppStore|x64.Deploy.0 = Debug|Any CPU
		{233C4EB1-4F77-46BB-8018-CF11CE129AD1}.AppStore|x86.ActiveCfg = Release|Any CPU
		{233C4EB1-4F77-46BB-8018-CF11CE129AD1}.Debug|Any CPU.ActiveCfg = Debug|Any CPU
		{233C4EB1-4F77-46BB-8018-CF11CE129AD1}.Debug|Any CPU.Build.0 = Debug|Any CPU
		{233C4EB1-4F77-46BB-8018-CF11CE129AD1}.Debug|Any CPU.Deploy.0 = Debug|Any CPU
		{233C4EB1-4F77-46BB-8018-CF11CE129AD1}.Debug|ARM.ActiveCfg = Debug|Any CPU
		{233C4EB1-4F77-46BB-8018-CF11CE129AD1}.Debug|iPhone.ActiveCfg = Debug|Any CPU
		{233C4EB1-4F77-46BB-8018-CF11CE129AD1}.Debug|iPhone.Build.0 = Debug|Any CPU
		{233C4EB1-4F77-46BB-8018-CF11CE129AD1}.Debug|iPhoneSimulator.ActiveCfg = Debug|Any CPU
		{233C4EB1-4F77-46BB-8018-CF11CE129AD1}.Debug|Mixed Platforms.ActiveCfg = Debug|Any CPU
		{233C4EB1-4F77-46BB-8018-CF11CE129AD1}.Debug|Mixed Platforms.Build.0 = Debug|Any CPU
		{233C4EB1-4F77-46BB-8018-CF11CE129AD1}.Debug|Mixed Platforms.Deploy.0 = Debug|Any CPU
		{233C4EB1-4F77-46BB-8018-CF11CE129AD1}.Debug|x64.ActiveCfg = Debug|Any CPU
		{233C4EB1-4F77-46BB-8018-CF11CE129AD1}.Debug|x64.Build.0 = Debug|Any CPU
		{233C4EB1-4F77-46BB-8018-CF11CE129AD1}.Debug|x64.Deploy.0 = Debug|Any CPU
		{233C4EB1-4F77-46BB-8018-CF11CE129AD1}.Debug|x86.ActiveCfg = Debug|Any CPU
		{233C4EB1-4F77-46BB-8018-CF11CE129AD1}.Release|Any CPU.ActiveCfg = Release|Any CPU
		{233C4EB1-4F77-46BB-8018-CF11CE129AD1}.Release|ARM.ActiveCfg = Release|Any CPU
		{233C4EB1-4F77-46BB-8018-CF11CE129AD1}.Release|iPhone.ActiveCfg = Release|Any CPU
		{233C4EB1-4F77-46BB-8018-CF11CE129AD1}.Release|iPhoneSimulator.ActiveCfg = Release|Any CPU
		{233C4EB1-4F77-46BB-8018-CF11CE129AD1}.Release|Mixed Platforms.ActiveCfg = Release|Any CPU
		{233C4EB1-4F77-46BB-8018-CF11CE129AD1}.Release|Mixed Platforms.Build.0 = Release|Any CPU
		{233C4EB1-4F77-46BB-8018-CF11CE129AD1}.Release|Mixed Platforms.Deploy.0 = Release|Any CPU
		{233C4EB1-4F77-46BB-8018-CF11CE129AD1}.Release|x64.ActiveCfg = Release|Any CPU
		{233C4EB1-4F77-46BB-8018-CF11CE129AD1}.Release|x64.Build.0 = Release|Any CPU
		{233C4EB1-4F77-46BB-8018-CF11CE129AD1}.Release|x64.Deploy.0 = Release|Any CPU
		{233C4EB1-4F77-46BB-8018-CF11CE129AD1}.Release|x86.ActiveCfg = Release|Any CPU
		{D11E01F0-7FA8-4347-BF88-ABB37956F4E3}.Ad-Hoc|Any CPU.ActiveCfg = Debug|Any CPU
		{D11E01F0-7FA8-4347-BF88-ABB37956F4E3}.Ad-Hoc|Any CPU.Build.0 = Debug|Any CPU
		{D11E01F0-7FA8-4347-BF88-ABB37956F4E3}.Ad-Hoc|ARM.ActiveCfg = Debug|Any CPU
		{D11E01F0-7FA8-4347-BF88-ABB37956F4E3}.Ad-Hoc|ARM.Build.0 = Debug|Any CPU
		{D11E01F0-7FA8-4347-BF88-ABB37956F4E3}.Ad-Hoc|iPhone.ActiveCfg = Debug|Any CPU
		{D11E01F0-7FA8-4347-BF88-ABB37956F4E3}.Ad-Hoc|iPhone.Build.0 = Debug|Any CPU
		{D11E01F0-7FA8-4347-BF88-ABB37956F4E3}.Ad-Hoc|iPhoneSimulator.ActiveCfg = Debug|Any CPU
		{D11E01F0-7FA8-4347-BF88-ABB37956F4E3}.Ad-Hoc|iPhoneSimulator.Build.0 = Debug|Any CPU
		{D11E01F0-7FA8-4347-BF88-ABB37956F4E3}.Ad-Hoc|Mixed Platforms.ActiveCfg = Debug|Any CPU
		{D11E01F0-7FA8-4347-BF88-ABB37956F4E3}.Ad-Hoc|Mixed Platforms.Build.0 = Debug|Any CPU
		{D11E01F0-7FA8-4347-BF88-ABB37956F4E3}.Ad-Hoc|x64.ActiveCfg = Debug|Any CPU
		{D11E01F0-7FA8-4347-BF88-ABB37956F4E3}.Ad-Hoc|x64.Build.0 = Debug|Any CPU
		{D11E01F0-7FA8-4347-BF88-ABB37956F4E3}.Ad-Hoc|x86.ActiveCfg = Debug|Any CPU
		{D11E01F0-7FA8-4347-BF88-ABB37956F4E3}.Ad-Hoc|x86.Build.0 = Debug|Any CPU
		{D11E01F0-7FA8-4347-BF88-ABB37956F4E3}.AppStore|Any CPU.ActiveCfg = Debug|Any CPU
		{D11E01F0-7FA8-4347-BF88-ABB37956F4E3}.AppStore|Any CPU.Build.0 = Debug|Any CPU
		{D11E01F0-7FA8-4347-BF88-ABB37956F4E3}.AppStore|ARM.ActiveCfg = Debug|Any CPU
		{D11E01F0-7FA8-4347-BF88-ABB37956F4E3}.AppStore|ARM.Build.0 = Debug|Any CPU
		{D11E01F0-7FA8-4347-BF88-ABB37956F4E3}.AppStore|iPhone.ActiveCfg = Debug|Any CPU
		{D11E01F0-7FA8-4347-BF88-ABB37956F4E3}.AppStore|iPhone.Build.0 = Debug|Any CPU
		{D11E01F0-7FA8-4347-BF88-ABB37956F4E3}.AppStore|iPhoneSimulator.ActiveCfg = Debug|Any CPU
		{D11E01F0-7FA8-4347-BF88-ABB37956F4E3}.AppStore|iPhoneSimulator.Build.0 = Debug|Any CPU
		{D11E01F0-7FA8-4347-BF88-ABB37956F4E3}.AppStore|Mixed Platforms.ActiveCfg = Debug|Any CPU
		{D11E01F0-7FA8-4347-BF88-ABB37956F4E3}.AppStore|Mixed Platforms.Build.0 = Debug|Any CPU
		{D11E01F0-7FA8-4347-BF88-ABB37956F4E3}.AppStore|x64.ActiveCfg = Debug|Any CPU
		{D11E01F0-7FA8-4347-BF88-ABB37956F4E3}.AppStore|x64.Build.0 = Debug|Any CPU
		{D11E01F0-7FA8-4347-BF88-ABB37956F4E3}.AppStore|x86.ActiveCfg = Debug|Any CPU
		{D11E01F0-7FA8-4347-BF88-ABB37956F4E3}.AppStore|x86.Build.0 = Debug|Any CPU
		{D11E01F0-7FA8-4347-BF88-ABB37956F4E3}.Debug|Any CPU.ActiveCfg = Debug|Any CPU
		{D11E01F0-7FA8-4347-BF88-ABB37956F4E3}.Debug|Any CPU.Build.0 = Debug|Any CPU
		{D11E01F0-7FA8-4347-BF88-ABB37956F4E3}.Debug|ARM.ActiveCfg = Debug|Any CPU
		{D11E01F0-7FA8-4347-BF88-ABB37956F4E3}.Debug|ARM.Build.0 = Debug|Any CPU
		{D11E01F0-7FA8-4347-BF88-ABB37956F4E3}.Debug|iPhone.ActiveCfg = Debug|Any CPU
		{D11E01F0-7FA8-4347-BF88-ABB37956F4E3}.Debug|iPhone.Build.0 = Debug|Any CPU
		{D11E01F0-7FA8-4347-BF88-ABB37956F4E3}.Debug|iPhoneSimulator.ActiveCfg = Debug|Any CPU
		{D11E01F0-7FA8-4347-BF88-ABB37956F4E3}.Debug|iPhoneSimulator.Build.0 = Debug|Any CPU
		{D11E01F0-7FA8-4347-BF88-ABB37956F4E3}.Debug|Mixed Platforms.ActiveCfg = Debug|Any CPU
		{D11E01F0-7FA8-4347-BF88-ABB37956F4E3}.Debug|Mixed Platforms.Build.0 = Debug|Any CPU
		{D11E01F0-7FA8-4347-BF88-ABB37956F4E3}.Debug|x64.ActiveCfg = Debug|Any CPU
		{D11E01F0-7FA8-4347-BF88-ABB37956F4E3}.Debug|x64.Build.0 = Debug|Any CPU
		{D11E01F0-7FA8-4347-BF88-ABB37956F4E3}.Debug|x86.ActiveCfg = Debug|Any CPU
		{D11E01F0-7FA8-4347-BF88-ABB37956F4E3}.Debug|x86.Build.0 = Debug|Any CPU
		{D11E01F0-7FA8-4347-BF88-ABB37956F4E3}.Release|Any CPU.ActiveCfg = Release|Any CPU
		{D11E01F0-7FA8-4347-BF88-ABB37956F4E3}.Release|Any CPU.Build.0 = Release|Any CPU
		{D11E01F0-7FA8-4347-BF88-ABB37956F4E3}.Release|ARM.ActiveCfg = Release|Any CPU
		{D11E01F0-7FA8-4347-BF88-ABB37956F4E3}.Release|ARM.Build.0 = Release|Any CPU
		{D11E01F0-7FA8-4347-BF88-ABB37956F4E3}.Release|iPhone.ActiveCfg = Release|Any CPU
		{D11E01F0-7FA8-4347-BF88-ABB37956F4E3}.Release|iPhone.Build.0 = Release|Any CPU
		{D11E01F0-7FA8-4347-BF88-ABB37956F4E3}.Release|iPhoneSimulator.ActiveCfg = Release|Any CPU
		{D11E01F0-7FA8-4347-BF88-ABB37956F4E3}.Release|iPhoneSimulator.Build.0 = Release|Any CPU
		{D11E01F0-7FA8-4347-BF88-ABB37956F4E3}.Release|Mixed Platforms.ActiveCfg = Release|Any CPU
		{D11E01F0-7FA8-4347-BF88-ABB37956F4E3}.Release|Mixed Platforms.Build.0 = Release|Any CPU
		{D11E01F0-7FA8-4347-BF88-ABB37956F4E3}.Release|x64.ActiveCfg = Release|Any CPU
		{D11E01F0-7FA8-4347-BF88-ABB37956F4E3}.Release|x64.Build.0 = Release|Any CPU
		{D11E01F0-7FA8-4347-BF88-ABB37956F4E3}.Release|x86.ActiveCfg = Release|Any CPU
		{D11E01F0-7FA8-4347-BF88-ABB37956F4E3}.Release|x86.Build.0 = Release|Any CPU
		{D5ECCF1B-12F0-477F-814B-FCCDA648A85C}.Ad-Hoc|Any CPU.ActiveCfg = Debug|Any CPU
		{D5ECCF1B-12F0-477F-814B-FCCDA648A85C}.Ad-Hoc|Any CPU.Build.0 = Debug|Any CPU
		{D5ECCF1B-12F0-477F-814B-FCCDA648A85C}.Ad-Hoc|ARM.ActiveCfg = Debug|Any CPU
		{D5ECCF1B-12F0-477F-814B-FCCDA648A85C}.Ad-Hoc|ARM.Build.0 = Debug|Any CPU
		{D5ECCF1B-12F0-477F-814B-FCCDA648A85C}.Ad-Hoc|iPhone.ActiveCfg = Debug|Any CPU
		{D5ECCF1B-12F0-477F-814B-FCCDA648A85C}.Ad-Hoc|iPhone.Build.0 = Debug|Any CPU
		{D5ECCF1B-12F0-477F-814B-FCCDA648A85C}.Ad-Hoc|iPhoneSimulator.ActiveCfg = Debug|Any CPU
		{D5ECCF1B-12F0-477F-814B-FCCDA648A85C}.Ad-Hoc|iPhoneSimulator.Build.0 = Debug|Any CPU
		{D5ECCF1B-12F0-477F-814B-FCCDA648A85C}.Ad-Hoc|Mixed Platforms.ActiveCfg = Debug|Any CPU
		{D5ECCF1B-12F0-477F-814B-FCCDA648A85C}.Ad-Hoc|Mixed Platforms.Build.0 = Debug|Any CPU
		{D5ECCF1B-12F0-477F-814B-FCCDA648A85C}.Ad-Hoc|x64.ActiveCfg = Debug|Any CPU
		{D5ECCF1B-12F0-477F-814B-FCCDA648A85C}.Ad-Hoc|x64.Build.0 = Debug|Any CPU
		{D5ECCF1B-12F0-477F-814B-FCCDA648A85C}.Ad-Hoc|x86.ActiveCfg = Debug|Any CPU
		{D5ECCF1B-12F0-477F-814B-FCCDA648A85C}.Ad-Hoc|x86.Build.0 = Debug|Any CPU
		{D5ECCF1B-12F0-477F-814B-FCCDA648A85C}.AppStore|Any CPU.ActiveCfg = Debug|Any CPU
		{D5ECCF1B-12F0-477F-814B-FCCDA648A85C}.AppStore|Any CPU.Build.0 = Debug|Any CPU
		{D5ECCF1B-12F0-477F-814B-FCCDA648A85C}.AppStore|ARM.ActiveCfg = Debug|Any CPU
		{D5ECCF1B-12F0-477F-814B-FCCDA648A85C}.AppStore|ARM.Build.0 = Debug|Any CPU
		{D5ECCF1B-12F0-477F-814B-FCCDA648A85C}.AppStore|iPhone.ActiveCfg = Debug|Any CPU
		{D5ECCF1B-12F0-477F-814B-FCCDA648A85C}.AppStore|iPhone.Build.0 = Debug|Any CPU
		{D5ECCF1B-12F0-477F-814B-FCCDA648A85C}.AppStore|iPhoneSimulator.ActiveCfg = Debug|Any CPU
		{D5ECCF1B-12F0-477F-814B-FCCDA648A85C}.AppStore|iPhoneSimulator.Build.0 = Debug|Any CPU
		{D5ECCF1B-12F0-477F-814B-FCCDA648A85C}.AppStore|Mixed Platforms.ActiveCfg = Debug|Any CPU
		{D5ECCF1B-12F0-477F-814B-FCCDA648A85C}.AppStore|Mixed Platforms.Build.0 = Debug|Any CPU
		{D5ECCF1B-12F0-477F-814B-FCCDA648A85C}.AppStore|x64.ActiveCfg = Debug|Any CPU
		{D5ECCF1B-12F0-477F-814B-FCCDA648A85C}.AppStore|x64.Build.0 = Debug|Any CPU
		{D5ECCF1B-12F0-477F-814B-FCCDA648A85C}.AppStore|x86.ActiveCfg = Debug|Any CPU
		{D5ECCF1B-12F0-477F-814B-FCCDA648A85C}.AppStore|x86.Build.0 = Debug|Any CPU
		{D5ECCF1B-12F0-477F-814B-FCCDA648A85C}.Debug|Any CPU.ActiveCfg = Debug|Any CPU
		{D5ECCF1B-12F0-477F-814B-FCCDA648A85C}.Debug|Any CPU.Build.0 = Debug|Any CPU
		{D5ECCF1B-12F0-477F-814B-FCCDA648A85C}.Debug|ARM.ActiveCfg = Debug|Any CPU
		{D5ECCF1B-12F0-477F-814B-FCCDA648A85C}.Debug|ARM.Build.0 = Debug|Any CPU
		{D5ECCF1B-12F0-477F-814B-FCCDA648A85C}.Debug|iPhone.ActiveCfg = Debug|Any CPU
		{D5ECCF1B-12F0-477F-814B-FCCDA648A85C}.Debug|iPhone.Build.0 = Debug|Any CPU
		{D5ECCF1B-12F0-477F-814B-FCCDA648A85C}.Debug|iPhoneSimulator.ActiveCfg = Debug|Any CPU
		{D5ECCF1B-12F0-477F-814B-FCCDA648A85C}.Debug|iPhoneSimulator.Build.0 = Debug|Any CPU
		{D5ECCF1B-12F0-477F-814B-FCCDA648A85C}.Debug|Mixed Platforms.ActiveCfg = Debug|Any CPU
		{D5ECCF1B-12F0-477F-814B-FCCDA648A85C}.Debug|Mixed Platforms.Build.0 = Debug|Any CPU
		{D5ECCF1B-12F0-477F-814B-FCCDA648A85C}.Debug|x64.ActiveCfg = Debug|Any CPU
		{D5ECCF1B-12F0-477F-814B-FCCDA648A85C}.Debug|x64.Build.0 = Debug|Any CPU
		{D5ECCF1B-12F0-477F-814B-FCCDA648A85C}.Debug|x86.ActiveCfg = Debug|Any CPU
		{D5ECCF1B-12F0-477F-814B-FCCDA648A85C}.Debug|x86.Build.0 = Debug|Any CPU
		{D5ECCF1B-12F0-477F-814B-FCCDA648A85C}.Release|Any CPU.ActiveCfg = Release|Any CPU
		{D5ECCF1B-12F0-477F-814B-FCCDA648A85C}.Release|Any CPU.Build.0 = Release|Any CPU
		{D5ECCF1B-12F0-477F-814B-FCCDA648A85C}.Release|ARM.ActiveCfg = Release|Any CPU
		{D5ECCF1B-12F0-477F-814B-FCCDA648A85C}.Release|ARM.Build.0 = Release|Any CPU
		{D5ECCF1B-12F0-477F-814B-FCCDA648A85C}.Release|iPhone.ActiveCfg = Release|Any CPU
		{D5ECCF1B-12F0-477F-814B-FCCDA648A85C}.Release|iPhone.Build.0 = Release|Any CPU
		{D5ECCF1B-12F0-477F-814B-FCCDA648A85C}.Release|iPhoneSimulator.ActiveCfg = Release|Any CPU
		{D5ECCF1B-12F0-477F-814B-FCCDA648A85C}.Release|iPhoneSimulator.Build.0 = Release|Any CPU
		{D5ECCF1B-12F0-477F-814B-FCCDA648A85C}.Release|Mixed Platforms.ActiveCfg = Release|Any CPU
		{D5ECCF1B-12F0-477F-814B-FCCDA648A85C}.Release|Mixed Platforms.Build.0 = Release|Any CPU
		{D5ECCF1B-12F0-477F-814B-FCCDA648A85C}.Release|x64.ActiveCfg = Release|Any CPU
		{D5ECCF1B-12F0-477F-814B-FCCDA648A85C}.Release|x64.Build.0 = Release|Any CPU
		{D5ECCF1B-12F0-477F-814B-FCCDA648A85C}.Release|x86.ActiveCfg = Release|Any CPU
		{D5ECCF1B-12F0-477F-814B-FCCDA648A85C}.Release|x86.Build.0 = Release|Any CPU
		{F6BCC458-30FE-4510-B17F-886E1F93D003}.Ad-Hoc|Any CPU.ActiveCfg = Release|Any CPU
		{F6BCC458-30FE-4510-B17F-886E1F93D003}.Ad-Hoc|Any CPU.Build.0 = Release|Any CPU
		{F6BCC458-30FE-4510-B17F-886E1F93D003}.Ad-Hoc|ARM.ActiveCfg = Release|Any CPU
		{F6BCC458-30FE-4510-B17F-886E1F93D003}.Ad-Hoc|ARM.Build.0 = Release|Any CPU
		{F6BCC458-30FE-4510-B17F-886E1F93D003}.Ad-Hoc|iPhone.ActiveCfg = Release|Any CPU
		{F6BCC458-30FE-4510-B17F-886E1F93D003}.Ad-Hoc|iPhone.Build.0 = Release|Any CPU
		{F6BCC458-30FE-4510-B17F-886E1F93D003}.Ad-Hoc|iPhoneSimulator.ActiveCfg = Release|Any CPU
		{F6BCC458-30FE-4510-B17F-886E1F93D003}.Ad-Hoc|iPhoneSimulator.Build.0 = Release|Any CPU
		{F6BCC458-30FE-4510-B17F-886E1F93D003}.Ad-Hoc|Mixed Platforms.ActiveCfg = Release|Any CPU
		{F6BCC458-30FE-4510-B17F-886E1F93D003}.Ad-Hoc|Mixed Platforms.Build.0 = Release|Any CPU
		{F6BCC458-30FE-4510-B17F-886E1F93D003}.Ad-Hoc|x64.ActiveCfg = Release|Any CPU
		{F6BCC458-30FE-4510-B17F-886E1F93D003}.Ad-Hoc|x64.Build.0 = Release|Any CPU
		{F6BCC458-30FE-4510-B17F-886E1F93D003}.Ad-Hoc|x86.ActiveCfg = Release|Any CPU
		{F6BCC458-30FE-4510-B17F-886E1F93D003}.Ad-Hoc|x86.Build.0 = Release|Any CPU
		{F6BCC458-30FE-4510-B17F-886E1F93D003}.AppStore|Any CPU.ActiveCfg = Release|Any CPU
		{F6BCC458-30FE-4510-B17F-886E1F93D003}.AppStore|Any CPU.Build.0 = Release|Any CPU
		{F6BCC458-30FE-4510-B17F-886E1F93D003}.AppStore|ARM.ActiveCfg = Release|Any CPU
		{F6BCC458-30FE-4510-B17F-886E1F93D003}.AppStore|ARM.Build.0 = Release|Any CPU
		{F6BCC458-30FE-4510-B17F-886E1F93D003}.AppStore|iPhone.ActiveCfg = Release|Any CPU
		{F6BCC458-30FE-4510-B17F-886E1F93D003}.AppStore|iPhone.Build.0 = Release|Any CPU
		{F6BCC458-30FE-4510-B17F-886E1F93D003}.AppStore|iPhoneSimulator.ActiveCfg = Release|Any CPU
		{F6BCC458-30FE-4510-B17F-886E1F93D003}.AppStore|iPhoneSimulator.Build.0 = Release|Any CPU
		{F6BCC458-30FE-4510-B17F-886E1F93D003}.AppStore|Mixed Platforms.ActiveCfg = Release|Any CPU
		{F6BCC458-30FE-4510-B17F-886E1F93D003}.AppStore|Mixed Platforms.Build.0 = Release|Any CPU
		{F6BCC458-30FE-4510-B17F-886E1F93D003}.AppStore|x64.ActiveCfg = Release|Any CPU
		{F6BCC458-30FE-4510-B17F-886E1F93D003}.AppStore|x64.Build.0 = Release|Any CPU
		{F6BCC458-30FE-4510-B17F-886E1F93D003}.AppStore|x86.ActiveCfg = Release|Any CPU
		{F6BCC458-30FE-4510-B17F-886E1F93D003}.AppStore|x86.Build.0 = Release|Any CPU
		{F6BCC458-30FE-4510-B17F-886E1F93D003}.Debug|Any CPU.ActiveCfg = Debug|Any CPU
		{F6BCC458-30FE-4510-B17F-886E1F93D003}.Debug|Any CPU.Build.0 = Debug|Any CPU
		{F6BCC458-30FE-4510-B17F-886E1F93D003}.Debug|ARM.ActiveCfg = Debug|Any CPU
		{F6BCC458-30FE-4510-B17F-886E1F93D003}.Debug|ARM.Build.0 = Debug|Any CPU
		{F6BCC458-30FE-4510-B17F-886E1F93D003}.Debug|iPhone.ActiveCfg = Debug|Any CPU
		{F6BCC458-30FE-4510-B17F-886E1F93D003}.Debug|iPhone.Build.0 = Debug|Any CPU
		{F6BCC458-30FE-4510-B17F-886E1F93D003}.Debug|iPhoneSimulator.ActiveCfg = Debug|Any CPU
		{F6BCC458-30FE-4510-B17F-886E1F93D003}.Debug|iPhoneSimulator.Build.0 = Debug|Any CPU
		{F6BCC458-30FE-4510-B17F-886E1F93D003}.Debug|Mixed Platforms.ActiveCfg = Debug|Any CPU
		{F6BCC458-30FE-4510-B17F-886E1F93D003}.Debug|Mixed Platforms.Build.0 = Debug|Any CPU
		{F6BCC458-30FE-4510-B17F-886E1F93D003}.Debug|x64.ActiveCfg = Debug|Any CPU
		{F6BCC458-30FE-4510-B17F-886E1F93D003}.Debug|x64.Build.0 = Debug|Any CPU
		{F6BCC458-30FE-4510-B17F-886E1F93D003}.Debug|x86.ActiveCfg = Debug|Any CPU
		{F6BCC458-30FE-4510-B17F-886E1F93D003}.Debug|x86.Build.0 = Debug|Any CPU
		{F6BCC458-30FE-4510-B17F-886E1F93D003}.Release|Any CPU.ActiveCfg = Release|Any CPU
		{F6BCC458-30FE-4510-B17F-886E1F93D003}.Release|Any CPU.Build.0 = Release|Any CPU
		{F6BCC458-30FE-4510-B17F-886E1F93D003}.Release|ARM.ActiveCfg = Release|Any CPU
		{F6BCC458-30FE-4510-B17F-886E1F93D003}.Release|ARM.Build.0 = Release|Any CPU
		{F6BCC458-30FE-4510-B17F-886E1F93D003}.Release|iPhone.ActiveCfg = Release|Any CPU
		{F6BCC458-30FE-4510-B17F-886E1F93D003}.Release|iPhone.Build.0 = Release|Any CPU
		{F6BCC458-30FE-4510-B17F-886E1F93D003}.Release|iPhoneSimulator.ActiveCfg = Release|Any CPU
		{F6BCC458-30FE-4510-B17F-886E1F93D003}.Release|iPhoneSimulator.Build.0 = Release|Any CPU
		{F6BCC458-30FE-4510-B17F-886E1F93D003}.Release|Mixed Platforms.ActiveCfg = Release|Any CPU
		{F6BCC458-30FE-4510-B17F-886E1F93D003}.Release|Mixed Platforms.Build.0 = Release|Any CPU
		{F6BCC458-30FE-4510-B17F-886E1F93D003}.Release|x64.ActiveCfg = Release|Any CPU
		{F6BCC458-30FE-4510-B17F-886E1F93D003}.Release|x64.Build.0 = Release|Any CPU
		{F6BCC458-30FE-4510-B17F-886E1F93D003}.Release|x86.ActiveCfg = Release|Any CPU
		{F6BCC458-30FE-4510-B17F-886E1F93D003}.Release|x86.Build.0 = Release|Any CPU
		{731F72FB-FEC9-4980-AA66-2C471815CCFB}.Ad-Hoc|Any CPU.ActiveCfg = Release|Any CPU
		{731F72FB-FEC9-4980-AA66-2C471815CCFB}.Ad-Hoc|Any CPU.Build.0 = Release|Any CPU
		{731F72FB-FEC9-4980-AA66-2C471815CCFB}.Ad-Hoc|ARM.ActiveCfg = Release|Any CPU
		{731F72FB-FEC9-4980-AA66-2C471815CCFB}.Ad-Hoc|ARM.Build.0 = Release|Any CPU
		{731F72FB-FEC9-4980-AA66-2C471815CCFB}.Ad-Hoc|iPhone.ActiveCfg = Release|Any CPU
		{731F72FB-FEC9-4980-AA66-2C471815CCFB}.Ad-Hoc|iPhone.Build.0 = Release|Any CPU
		{731F72FB-FEC9-4980-AA66-2C471815CCFB}.Ad-Hoc|iPhoneSimulator.ActiveCfg = Release|Any CPU
		{731F72FB-FEC9-4980-AA66-2C471815CCFB}.Ad-Hoc|iPhoneSimulator.Build.0 = Release|Any CPU
		{731F72FB-FEC9-4980-AA66-2C471815CCFB}.Ad-Hoc|Mixed Platforms.ActiveCfg = Release|Any CPU
		{731F72FB-FEC9-4980-AA66-2C471815CCFB}.Ad-Hoc|Mixed Platforms.Build.0 = Release|Any CPU
		{731F72FB-FEC9-4980-AA66-2C471815CCFB}.Ad-Hoc|x64.ActiveCfg = Release|Any CPU
		{731F72FB-FEC9-4980-AA66-2C471815CCFB}.Ad-Hoc|x64.Build.0 = Release|Any CPU
		{731F72FB-FEC9-4980-AA66-2C471815CCFB}.Ad-Hoc|x86.ActiveCfg = Release|Any CPU
		{731F72FB-FEC9-4980-AA66-2C471815CCFB}.Ad-Hoc|x86.Build.0 = Release|Any CPU
		{731F72FB-FEC9-4980-AA66-2C471815CCFB}.AppStore|Any CPU.ActiveCfg = Release|Any CPU
		{731F72FB-FEC9-4980-AA66-2C471815CCFB}.AppStore|Any CPU.Build.0 = Release|Any CPU
		{731F72FB-FEC9-4980-AA66-2C471815CCFB}.AppStore|ARM.ActiveCfg = Release|Any CPU
		{731F72FB-FEC9-4980-AA66-2C471815CCFB}.AppStore|ARM.Build.0 = Release|Any CPU
		{731F72FB-FEC9-4980-AA66-2C471815CCFB}.AppStore|iPhone.ActiveCfg = Release|Any CPU
		{731F72FB-FEC9-4980-AA66-2C471815CCFB}.AppStore|iPhone.Build.0 = Release|Any CPU
		{731F72FB-FEC9-4980-AA66-2C471815CCFB}.AppStore|iPhoneSimulator.ActiveCfg = Release|Any CPU
		{731F72FB-FEC9-4980-AA66-2C471815CCFB}.AppStore|iPhoneSimulator.Build.0 = Release|Any CPU
		{731F72FB-FEC9-4980-AA66-2C471815CCFB}.AppStore|Mixed Platforms.ActiveCfg = Release|Any CPU
		{731F72FB-FEC9-4980-AA66-2C471815CCFB}.AppStore|Mixed Platforms.Build.0 = Release|Any CPU
		{731F72FB-FEC9-4980-AA66-2C471815CCFB}.AppStore|x64.ActiveCfg = Release|Any CPU
		{731F72FB-FEC9-4980-AA66-2C471815CCFB}.AppStore|x64.Build.0 = Release|Any CPU
		{731F72FB-FEC9-4980-AA66-2C471815CCFB}.AppStore|x86.ActiveCfg = Release|Any CPU
		{731F72FB-FEC9-4980-AA66-2C471815CCFB}.AppStore|x86.Build.0 = Release|Any CPU
		{731F72FB-FEC9-4980-AA66-2C471815CCFB}.Debug|Any CPU.ActiveCfg = Debug|Any CPU
		{731F72FB-FEC9-4980-AA66-2C471815CCFB}.Debug|Any CPU.Build.0 = Debug|Any CPU
		{731F72FB-FEC9-4980-AA66-2C471815CCFB}.Debug|ARM.ActiveCfg = Debug|Any CPU
		{731F72FB-FEC9-4980-AA66-2C471815CCFB}.Debug|ARM.Build.0 = Debug|Any CPU
		{731F72FB-FEC9-4980-AA66-2C471815CCFB}.Debug|iPhone.ActiveCfg = Debug|Any CPU
		{731F72FB-FEC9-4980-AA66-2C471815CCFB}.Debug|iPhone.Build.0 = Debug|Any CPU
		{731F72FB-FEC9-4980-AA66-2C471815CCFB}.Debug|iPhoneSimulator.ActiveCfg = Debug|Any CPU
		{731F72FB-FEC9-4980-AA66-2C471815CCFB}.Debug|iPhoneSimulator.Build.0 = Debug|Any CPU
		{731F72FB-FEC9-4980-AA66-2C471815CCFB}.Debug|Mixed Platforms.ActiveCfg = Debug|Any CPU
		{731F72FB-FEC9-4980-AA66-2C471815CCFB}.Debug|Mixed Platforms.Build.0 = Debug|Any CPU
		{731F72FB-FEC9-4980-AA66-2C471815CCFB}.Debug|x64.ActiveCfg = Debug|Any CPU
		{731F72FB-FEC9-4980-AA66-2C471815CCFB}.Debug|x64.Build.0 = Debug|Any CPU
		{731F72FB-FEC9-4980-AA66-2C471815CCFB}.Debug|x86.ActiveCfg = Debug|Any CPU
		{731F72FB-FEC9-4980-AA66-2C471815CCFB}.Debug|x86.Build.0 = Debug|Any CPU
		{731F72FB-FEC9-4980-AA66-2C471815CCFB}.Release|Any CPU.ActiveCfg = Release|Any CPU
		{731F72FB-FEC9-4980-AA66-2C471815CCFB}.Release|Any CPU.Build.0 = Release|Any CPU
		{731F72FB-FEC9-4980-AA66-2C471815CCFB}.Release|ARM.ActiveCfg = Release|Any CPU
		{731F72FB-FEC9-4980-AA66-2C471815CCFB}.Release|ARM.Build.0 = Release|Any CPU
		{731F72FB-FEC9-4980-AA66-2C471815CCFB}.Release|iPhone.ActiveCfg = Release|Any CPU
		{731F72FB-FEC9-4980-AA66-2C471815CCFB}.Release|iPhone.Build.0 = Release|Any CPU
		{731F72FB-FEC9-4980-AA66-2C471815CCFB}.Release|iPhoneSimulator.ActiveCfg = Release|Any CPU
		{731F72FB-FEC9-4980-AA66-2C471815CCFB}.Release|iPhoneSimulator.Build.0 = Release|Any CPU
		{731F72FB-FEC9-4980-AA66-2C471815CCFB}.Release|Mixed Platforms.ActiveCfg = Release|Any CPU
		{731F72FB-FEC9-4980-AA66-2C471815CCFB}.Release|Mixed Platforms.Build.0 = Release|Any CPU
		{731F72FB-FEC9-4980-AA66-2C471815CCFB}.Release|x64.ActiveCfg = Release|Any CPU
		{731F72FB-FEC9-4980-AA66-2C471815CCFB}.Release|x64.Build.0 = Release|Any CPU
		{731F72FB-FEC9-4980-AA66-2C471815CCFB}.Release|x86.ActiveCfg = Release|Any CPU
		{731F72FB-FEC9-4980-AA66-2C471815CCFB}.Release|x86.Build.0 = Release|Any CPU
		{DD644F09-6953-4585-B5C2-5CF4D21B0E69}.Ad-Hoc|Any CPU.ActiveCfg = Release|Any CPU
		{DD644F09-6953-4585-B5C2-5CF4D21B0E69}.Ad-Hoc|Any CPU.Build.0 = Release|Any CPU
		{DD644F09-6953-4585-B5C2-5CF4D21B0E69}.Ad-Hoc|ARM.ActiveCfg = Release|Any CPU
		{DD644F09-6953-4585-B5C2-5CF4D21B0E69}.Ad-Hoc|ARM.Build.0 = Release|Any CPU
		{DD644F09-6953-4585-B5C2-5CF4D21B0E69}.Ad-Hoc|iPhone.ActiveCfg = Release|Any CPU
		{DD644F09-6953-4585-B5C2-5CF4D21B0E69}.Ad-Hoc|iPhone.Build.0 = Release|Any CPU
		{DD644F09-6953-4585-B5C2-5CF4D21B0E69}.Ad-Hoc|iPhoneSimulator.ActiveCfg = Release|Any CPU
		{DD644F09-6953-4585-B5C2-5CF4D21B0E69}.Ad-Hoc|iPhoneSimulator.Build.0 = Release|Any CPU
		{DD644F09-6953-4585-B5C2-5CF4D21B0E69}.Ad-Hoc|Mixed Platforms.ActiveCfg = Release|Any CPU
		{DD644F09-6953-4585-B5C2-5CF4D21B0E69}.Ad-Hoc|Mixed Platforms.Build.0 = Release|Any CPU
		{DD644F09-6953-4585-B5C2-5CF4D21B0E69}.Ad-Hoc|x64.ActiveCfg = Release|Any CPU
		{DD644F09-6953-4585-B5C2-5CF4D21B0E69}.Ad-Hoc|x64.Build.0 = Release|Any CPU
		{DD644F09-6953-4585-B5C2-5CF4D21B0E69}.Ad-Hoc|x86.ActiveCfg = Release|Any CPU
		{DD644F09-6953-4585-B5C2-5CF4D21B0E69}.Ad-Hoc|x86.Build.0 = Release|Any CPU
		{DD644F09-6953-4585-B5C2-5CF4D21B0E69}.AppStore|Any CPU.ActiveCfg = Release|Any CPU
		{DD644F09-6953-4585-B5C2-5CF4D21B0E69}.AppStore|Any CPU.Build.0 = Release|Any CPU
		{DD644F09-6953-4585-B5C2-5CF4D21B0E69}.AppStore|ARM.ActiveCfg = Release|Any CPU
		{DD644F09-6953-4585-B5C2-5CF4D21B0E69}.AppStore|ARM.Build.0 = Release|Any CPU
		{DD644F09-6953-4585-B5C2-5CF4D21B0E69}.AppStore|iPhone.ActiveCfg = Release|Any CPU
		{DD644F09-6953-4585-B5C2-5CF4D21B0E69}.AppStore|iPhone.Build.0 = Release|Any CPU
		{DD644F09-6953-4585-B5C2-5CF4D21B0E69}.AppStore|iPhoneSimulator.ActiveCfg = Release|Any CPU
		{DD644F09-6953-4585-B5C2-5CF4D21B0E69}.AppStore|iPhoneSimulator.Build.0 = Release|Any CPU
		{DD644F09-6953-4585-B5C2-5CF4D21B0E69}.AppStore|Mixed Platforms.ActiveCfg = Release|Any CPU
		{DD644F09-6953-4585-B5C2-5CF4D21B0E69}.AppStore|Mixed Platforms.Build.0 = Release|Any CPU
		{DD644F09-6953-4585-B5C2-5CF4D21B0E69}.AppStore|x64.ActiveCfg = Release|Any CPU
		{DD644F09-6953-4585-B5C2-5CF4D21B0E69}.AppStore|x64.Build.0 = Release|Any CPU
		{DD644F09-6953-4585-B5C2-5CF4D21B0E69}.AppStore|x86.ActiveCfg = Release|Any CPU
		{DD644F09-6953-4585-B5C2-5CF4D21B0E69}.AppStore|x86.Build.0 = Release|Any CPU
		{DD644F09-6953-4585-B5C2-5CF4D21B0E69}.Debug|Any CPU.ActiveCfg = Debug|Any CPU
		{DD644F09-6953-4585-B5C2-5CF4D21B0E69}.Debug|Any CPU.Build.0 = Debug|Any CPU
		{DD644F09-6953-4585-B5C2-5CF4D21B0E69}.Debug|ARM.ActiveCfg = Debug|Any CPU
		{DD644F09-6953-4585-B5C2-5CF4D21B0E69}.Debug|ARM.Build.0 = Debug|Any CPU
		{DD644F09-6953-4585-B5C2-5CF4D21B0E69}.Debug|iPhone.ActiveCfg = Debug|Any CPU
		{DD644F09-6953-4585-B5C2-5CF4D21B0E69}.Debug|iPhone.Build.0 = Debug|Any CPU
		{DD644F09-6953-4585-B5C2-5CF4D21B0E69}.Debug|iPhoneSimulator.ActiveCfg = Debug|Any CPU
		{DD644F09-6953-4585-B5C2-5CF4D21B0E69}.Debug|iPhoneSimulator.Build.0 = Debug|Any CPU
		{DD644F09-6953-4585-B5C2-5CF4D21B0E69}.Debug|Mixed Platforms.ActiveCfg = Debug|Any CPU
		{DD644F09-6953-4585-B5C2-5CF4D21B0E69}.Debug|Mixed Platforms.Build.0 = Debug|Any CPU
		{DD644F09-6953-4585-B5C2-5CF4D21B0E69}.Debug|x64.ActiveCfg = Debug|Any CPU
		{DD644F09-6953-4585-B5C2-5CF4D21B0E69}.Debug|x64.Build.0 = Debug|Any CPU
		{DD644F09-6953-4585-B5C2-5CF4D21B0E69}.Debug|x86.ActiveCfg = Debug|Any CPU
		{DD644F09-6953-4585-B5C2-5CF4D21B0E69}.Debug|x86.Build.0 = Debug|Any CPU
		{DD644F09-6953-4585-B5C2-5CF4D21B0E69}.Release|Any CPU.ActiveCfg = Release|Any CPU
		{DD644F09-6953-4585-B5C2-5CF4D21B0E69}.Release|Any CPU.Build.0 = Release|Any CPU
		{DD644F09-6953-4585-B5C2-5CF4D21B0E69}.Release|ARM.ActiveCfg = Release|Any CPU
		{DD644F09-6953-4585-B5C2-5CF4D21B0E69}.Release|ARM.Build.0 = Release|Any CPU
		{DD644F09-6953-4585-B5C2-5CF4D21B0E69}.Release|iPhone.ActiveCfg = Release|Any CPU
		{DD644F09-6953-4585-B5C2-5CF4D21B0E69}.Release|iPhone.Build.0 = Release|Any CPU
		{DD644F09-6953-4585-B5C2-5CF4D21B0E69}.Release|iPhoneSimulator.ActiveCfg = Release|Any CPU
		{DD644F09-6953-4585-B5C2-5CF4D21B0E69}.Release|iPhoneSimulator.Build.0 = Release|Any CPU
		{DD644F09-6953-4585-B5C2-5CF4D21B0E69}.Release|Mixed Platforms.ActiveCfg = Release|Any CPU
		{DD644F09-6953-4585-B5C2-5CF4D21B0E69}.Release|Mixed Platforms.Build.0 = Release|Any CPU
		{DD644F09-6953-4585-B5C2-5CF4D21B0E69}.Release|x64.ActiveCfg = Release|Any CPU
		{DD644F09-6953-4585-B5C2-5CF4D21B0E69}.Release|x64.Build.0 = Release|Any CPU
		{DD644F09-6953-4585-B5C2-5CF4D21B0E69}.Release|x86.ActiveCfg = Release|Any CPU
		{DD644F09-6953-4585-B5C2-5CF4D21B0E69}.Release|x86.Build.0 = Release|Any CPU
		{C3ABE1BF-0D77-42C5-880E-D9C605198BC6}.Ad-Hoc|Any CPU.ActiveCfg = Release|Any CPU
		{C3ABE1BF-0D77-42C5-880E-D9C605198BC6}.Ad-Hoc|Any CPU.Build.0 = Release|Any CPU
		{C3ABE1BF-0D77-42C5-880E-D9C605198BC6}.Ad-Hoc|ARM.ActiveCfg = Release|Any CPU
		{C3ABE1BF-0D77-42C5-880E-D9C605198BC6}.Ad-Hoc|ARM.Build.0 = Release|Any CPU
		{C3ABE1BF-0D77-42C5-880E-D9C605198BC6}.Ad-Hoc|iPhone.ActiveCfg = Release|Any CPU
		{C3ABE1BF-0D77-42C5-880E-D9C605198BC6}.Ad-Hoc|iPhone.Build.0 = Release|Any CPU
		{C3ABE1BF-0D77-42C5-880E-D9C605198BC6}.Ad-Hoc|iPhoneSimulator.ActiveCfg = Release|Any CPU
		{C3ABE1BF-0D77-42C5-880E-D9C605198BC6}.Ad-Hoc|iPhoneSimulator.Build.0 = Release|Any CPU
		{C3ABE1BF-0D77-42C5-880E-D9C605198BC6}.Ad-Hoc|Mixed Platforms.ActiveCfg = Release|Any CPU
		{C3ABE1BF-0D77-42C5-880E-D9C605198BC6}.Ad-Hoc|Mixed Platforms.Build.0 = Release|Any CPU
		{C3ABE1BF-0D77-42C5-880E-D9C605198BC6}.Ad-Hoc|x64.ActiveCfg = Release|Any CPU
		{C3ABE1BF-0D77-42C5-880E-D9C605198BC6}.Ad-Hoc|x64.Build.0 = Release|Any CPU
		{C3ABE1BF-0D77-42C5-880E-D9C605198BC6}.Ad-Hoc|x86.ActiveCfg = Release|Any CPU
		{C3ABE1BF-0D77-42C5-880E-D9C605198BC6}.Ad-Hoc|x86.Build.0 = Release|Any CPU
		{C3ABE1BF-0D77-42C5-880E-D9C605198BC6}.AppStore|Any CPU.ActiveCfg = Release|Any CPU
		{C3ABE1BF-0D77-42C5-880E-D9C605198BC6}.AppStore|Any CPU.Build.0 = Release|Any CPU
		{C3ABE1BF-0D77-42C5-880E-D9C605198BC6}.AppStore|ARM.ActiveCfg = Release|Any CPU
		{C3ABE1BF-0D77-42C5-880E-D9C605198BC6}.AppStore|ARM.Build.0 = Release|Any CPU
		{C3ABE1BF-0D77-42C5-880E-D9C605198BC6}.AppStore|iPhone.ActiveCfg = Release|Any CPU
		{C3ABE1BF-0D77-42C5-880E-D9C605198BC6}.AppStore|iPhone.Build.0 = Release|Any CPU
		{C3ABE1BF-0D77-42C5-880E-D9C605198BC6}.AppStore|iPhoneSimulator.ActiveCfg = Release|Any CPU
		{C3ABE1BF-0D77-42C5-880E-D9C605198BC6}.AppStore|iPhoneSimulator.Build.0 = Release|Any CPU
		{C3ABE1BF-0D77-42C5-880E-D9C605198BC6}.AppStore|Mixed Platforms.ActiveCfg = Release|Any CPU
		{C3ABE1BF-0D77-42C5-880E-D9C605198BC6}.AppStore|Mixed Platforms.Build.0 = Release|Any CPU
		{C3ABE1BF-0D77-42C5-880E-D9C605198BC6}.AppStore|x64.ActiveCfg = Release|Any CPU
		{C3ABE1BF-0D77-42C5-880E-D9C605198BC6}.AppStore|x64.Build.0 = Release|Any CPU
		{C3ABE1BF-0D77-42C5-880E-D9C605198BC6}.AppStore|x86.ActiveCfg = Release|Any CPU
		{C3ABE1BF-0D77-42C5-880E-D9C605198BC6}.AppStore|x86.Build.0 = Release|Any CPU
		{C3ABE1BF-0D77-42C5-880E-D9C605198BC6}.Debug|Any CPU.ActiveCfg = Debug|Any CPU
		{C3ABE1BF-0D77-42C5-880E-D9C605198BC6}.Debug|Any CPU.Build.0 = Debug|Any CPU
		{C3ABE1BF-0D77-42C5-880E-D9C605198BC6}.Debug|ARM.ActiveCfg = Debug|Any CPU
		{C3ABE1BF-0D77-42C5-880E-D9C605198BC6}.Debug|ARM.Build.0 = Debug|Any CPU
		{C3ABE1BF-0D77-42C5-880E-D9C605198BC6}.Debug|iPhone.ActiveCfg = Debug|Any CPU
		{C3ABE1BF-0D77-42C5-880E-D9C605198BC6}.Debug|iPhone.Build.0 = Debug|Any CPU
		{C3ABE1BF-0D77-42C5-880E-D9C605198BC6}.Debug|iPhoneSimulator.ActiveCfg = Debug|Any CPU
		{C3ABE1BF-0D77-42C5-880E-D9C605198BC6}.Debug|iPhoneSimulator.Build.0 = Debug|Any CPU
		{C3ABE1BF-0D77-42C5-880E-D9C605198BC6}.Debug|Mixed Platforms.ActiveCfg = Debug|Any CPU
		{C3ABE1BF-0D77-42C5-880E-D9C605198BC6}.Debug|Mixed Platforms.Build.0 = Debug|Any CPU
		{C3ABE1BF-0D77-42C5-880E-D9C605198BC6}.Debug|x64.ActiveCfg = Debug|Any CPU
		{C3ABE1BF-0D77-42C5-880E-D9C605198BC6}.Debug|x64.Build.0 = Debug|Any CPU
		{C3ABE1BF-0D77-42C5-880E-D9C605198BC6}.Debug|x86.ActiveCfg = Debug|Any CPU
		{C3ABE1BF-0D77-42C5-880E-D9C605198BC6}.Debug|x86.Build.0 = Debug|Any CPU
		{C3ABE1BF-0D77-42C5-880E-D9C605198BC6}.Release|Any CPU.ActiveCfg = Release|Any CPU
		{C3ABE1BF-0D77-42C5-880E-D9C605198BC6}.Release|Any CPU.Build.0 = Release|Any CPU
		{C3ABE1BF-0D77-42C5-880E-D9C605198BC6}.Release|ARM.ActiveCfg = Release|Any CPU
		{C3ABE1BF-0D77-42C5-880E-D9C605198BC6}.Release|ARM.Build.0 = Release|Any CPU
		{C3ABE1BF-0D77-42C5-880E-D9C605198BC6}.Release|iPhone.ActiveCfg = Release|Any CPU
		{C3ABE1BF-0D77-42C5-880E-D9C605198BC6}.Release|iPhone.Build.0 = Release|Any CPU
		{C3ABE1BF-0D77-42C5-880E-D9C605198BC6}.Release|iPhoneSimulator.ActiveCfg = Release|Any CPU
		{C3ABE1BF-0D77-42C5-880E-D9C605198BC6}.Release|iPhoneSimulator.Build.0 = Release|Any CPU
		{C3ABE1BF-0D77-42C5-880E-D9C605198BC6}.Release|Mixed Platforms.ActiveCfg = Release|Any CPU
		{C3ABE1BF-0D77-42C5-880E-D9C605198BC6}.Release|Mixed Platforms.Build.0 = Release|Any CPU
		{C3ABE1BF-0D77-42C5-880E-D9C605198BC6}.Release|x64.ActiveCfg = Release|Any CPU
		{C3ABE1BF-0D77-42C5-880E-D9C605198BC6}.Release|x64.Build.0 = Release|Any CPU
		{C3ABE1BF-0D77-42C5-880E-D9C605198BC6}.Release|x86.ActiveCfg = Release|Any CPU
		{C3ABE1BF-0D77-42C5-880E-D9C605198BC6}.Release|x86.Build.0 = Release|Any CPU
		{E88504E9-8F0A-4112-B453-C0B7152CEABF}.Ad-Hoc|Any CPU.ActiveCfg = Release|Any CPU
		{E88504E9-8F0A-4112-B453-C0B7152CEABF}.Ad-Hoc|Any CPU.Build.0 = Release|Any CPU
		{E88504E9-8F0A-4112-B453-C0B7152CEABF}.Ad-Hoc|ARM.ActiveCfg = Release|ARM
		{E88504E9-8F0A-4112-B453-C0B7152CEABF}.Ad-Hoc|ARM.Build.0 = Release|ARM
		{E88504E9-8F0A-4112-B453-C0B7152CEABF}.Ad-Hoc|iPhone.ActiveCfg = Release|Any CPU
		{E88504E9-8F0A-4112-B453-C0B7152CEABF}.Ad-Hoc|iPhone.Build.0 = Release|Any CPU
		{E88504E9-8F0A-4112-B453-C0B7152CEABF}.Ad-Hoc|iPhoneSimulator.ActiveCfg = Release|Any CPU
		{E88504E9-8F0A-4112-B453-C0B7152CEABF}.Ad-Hoc|iPhoneSimulator.Build.0 = Release|Any CPU
		{E88504E9-8F0A-4112-B453-C0B7152CEABF}.Ad-Hoc|Mixed Platforms.ActiveCfg = Release|x86
		{E88504E9-8F0A-4112-B453-C0B7152CEABF}.Ad-Hoc|Mixed Platforms.Build.0 = Release|x86
		{E88504E9-8F0A-4112-B453-C0B7152CEABF}.Ad-Hoc|x64.ActiveCfg = Release|x64
		{E88504E9-8F0A-4112-B453-C0B7152CEABF}.Ad-Hoc|x64.Build.0 = Release|x64
		{E88504E9-8F0A-4112-B453-C0B7152CEABF}.Ad-Hoc|x86.ActiveCfg = Release|x86
		{E88504E9-8F0A-4112-B453-C0B7152CEABF}.Ad-Hoc|x86.Build.0 = Release|x86
		{E88504E9-8F0A-4112-B453-C0B7152CEABF}.AppStore|Any CPU.ActiveCfg = Release|Any CPU
		{E88504E9-8F0A-4112-B453-C0B7152CEABF}.AppStore|Any CPU.Build.0 = Release|Any CPU
		{E88504E9-8F0A-4112-B453-C0B7152CEABF}.AppStore|ARM.ActiveCfg = Release|ARM
		{E88504E9-8F0A-4112-B453-C0B7152CEABF}.AppStore|ARM.Build.0 = Release|ARM
		{E88504E9-8F0A-4112-B453-C0B7152CEABF}.AppStore|iPhone.ActiveCfg = Release|Any CPU
		{E88504E9-8F0A-4112-B453-C0B7152CEABF}.AppStore|iPhone.Build.0 = Release|Any CPU
		{E88504E9-8F0A-4112-B453-C0B7152CEABF}.AppStore|iPhoneSimulator.ActiveCfg = Release|Any CPU
		{E88504E9-8F0A-4112-B453-C0B7152CEABF}.AppStore|iPhoneSimulator.Build.0 = Release|Any CPU
		{E88504E9-8F0A-4112-B453-C0B7152CEABF}.AppStore|Mixed Platforms.ActiveCfg = Release|x86
		{E88504E9-8F0A-4112-B453-C0B7152CEABF}.AppStore|Mixed Platforms.Build.0 = Release|x86
		{E88504E9-8F0A-4112-B453-C0B7152CEABF}.AppStore|x64.ActiveCfg = Release|x64
		{E88504E9-8F0A-4112-B453-C0B7152CEABF}.AppStore|x64.Build.0 = Release|x64
		{E88504E9-8F0A-4112-B453-C0B7152CEABF}.AppStore|x86.ActiveCfg = Release|x86
		{E88504E9-8F0A-4112-B453-C0B7152CEABF}.AppStore|x86.Build.0 = Release|x86
		{E88504E9-8F0A-4112-B453-C0B7152CEABF}.Debug|Any CPU.ActiveCfg = Debug|Any CPU
		{E88504E9-8F0A-4112-B453-C0B7152CEABF}.Debug|Any CPU.Build.0 = Debug|Any CPU
		{E88504E9-8F0A-4112-B453-C0B7152CEABF}.Debug|ARM.ActiveCfg = Debug|ARM
		{E88504E9-8F0A-4112-B453-C0B7152CEABF}.Debug|ARM.Build.0 = Debug|ARM
		{E88504E9-8F0A-4112-B453-C0B7152CEABF}.Debug|iPhone.ActiveCfg = Debug|Any CPU
		{E88504E9-8F0A-4112-B453-C0B7152CEABF}.Debug|iPhone.Build.0 = Debug|Any CPU
		{E88504E9-8F0A-4112-B453-C0B7152CEABF}.Debug|iPhoneSimulator.ActiveCfg = Debug|Any CPU
		{E88504E9-8F0A-4112-B453-C0B7152CEABF}.Debug|iPhoneSimulator.Build.0 = Debug|Any CPU
		{E88504E9-8F0A-4112-B453-C0B7152CEABF}.Debug|Mixed Platforms.ActiveCfg = Debug|x86
		{E88504E9-8F0A-4112-B453-C0B7152CEABF}.Debug|Mixed Platforms.Build.0 = Debug|x86
		{E88504E9-8F0A-4112-B453-C0B7152CEABF}.Debug|x64.ActiveCfg = Debug|x64
		{E88504E9-8F0A-4112-B453-C0B7152CEABF}.Debug|x64.Build.0 = Debug|x64
		{E88504E9-8F0A-4112-B453-C0B7152CEABF}.Debug|x86.ActiveCfg = Debug|x86
		{E88504E9-8F0A-4112-B453-C0B7152CEABF}.Debug|x86.Build.0 = Debug|x86
		{E88504E9-8F0A-4112-B453-C0B7152CEABF}.Release|Any CPU.ActiveCfg = Release|Any CPU
		{E88504E9-8F0A-4112-B453-C0B7152CEABF}.Release|Any CPU.Build.0 = Release|Any CPU
		{E88504E9-8F0A-4112-B453-C0B7152CEABF}.Release|ARM.ActiveCfg = Release|ARM
		{E88504E9-8F0A-4112-B453-C0B7152CEABF}.Release|ARM.Build.0 = Release|ARM
		{E88504E9-8F0A-4112-B453-C0B7152CEABF}.Release|iPhone.ActiveCfg = Release|Any CPU
		{E88504E9-8F0A-4112-B453-C0B7152CEABF}.Release|iPhone.Build.0 = Release|Any CPU
		{E88504E9-8F0A-4112-B453-C0B7152CEABF}.Release|iPhoneSimulator.ActiveCfg = Release|Any CPU
		{E88504E9-8F0A-4112-B453-C0B7152CEABF}.Release|iPhoneSimulator.Build.0 = Release|Any CPU
		{E88504E9-8F0A-4112-B453-C0B7152CEABF}.Release|Mixed Platforms.ActiveCfg = Release|x86
		{E88504E9-8F0A-4112-B453-C0B7152CEABF}.Release|Mixed Platforms.Build.0 = Release|x86
		{E88504E9-8F0A-4112-B453-C0B7152CEABF}.Release|x64.ActiveCfg = Release|x64
		{E88504E9-8F0A-4112-B453-C0B7152CEABF}.Release|x64.Build.0 = Release|x64
		{E88504E9-8F0A-4112-B453-C0B7152CEABF}.Release|x86.ActiveCfg = Release|x86
		{E88504E9-8F0A-4112-B453-C0B7152CEABF}.Release|x86.Build.0 = Release|x86
		{BC2DC8F4-2E85-44C3-ACAB-BDBA19E695CF}.Ad-Hoc|Any CPU.ActiveCfg = Release|x86
		{BC2DC8F4-2E85-44C3-ACAB-BDBA19E695CF}.Ad-Hoc|Any CPU.Build.0 = Release|x86
		{BC2DC8F4-2E85-44C3-ACAB-BDBA19E695CF}.Ad-Hoc|Any CPU.Deploy.0 = Release|x86
		{BC2DC8F4-2E85-44C3-ACAB-BDBA19E695CF}.Ad-Hoc|ARM.ActiveCfg = Release|ARM
		{BC2DC8F4-2E85-44C3-ACAB-BDBA19E695CF}.Ad-Hoc|ARM.Build.0 = Release|ARM
		{BC2DC8F4-2E85-44C3-ACAB-BDBA19E695CF}.Ad-Hoc|ARM.Deploy.0 = Release|ARM
		{BC2DC8F4-2E85-44C3-ACAB-BDBA19E695CF}.Ad-Hoc|iPhone.ActiveCfg = Release|x86
		{BC2DC8F4-2E85-44C3-ACAB-BDBA19E695CF}.Ad-Hoc|iPhone.Build.0 = Release|x86
		{BC2DC8F4-2E85-44C3-ACAB-BDBA19E695CF}.Ad-Hoc|iPhone.Deploy.0 = Release|x86
		{BC2DC8F4-2E85-44C3-ACAB-BDBA19E695CF}.Ad-Hoc|iPhoneSimulator.ActiveCfg = Release|x86
		{BC2DC8F4-2E85-44C3-ACAB-BDBA19E695CF}.Ad-Hoc|iPhoneSimulator.Build.0 = Release|x86
		{BC2DC8F4-2E85-44C3-ACAB-BDBA19E695CF}.Ad-Hoc|iPhoneSimulator.Deploy.0 = Release|x86
		{BC2DC8F4-2E85-44C3-ACAB-BDBA19E695CF}.Ad-Hoc|Mixed Platforms.ActiveCfg = Release|x86
		{BC2DC8F4-2E85-44C3-ACAB-BDBA19E695CF}.Ad-Hoc|Mixed Platforms.Build.0 = Release|x86
		{BC2DC8F4-2E85-44C3-ACAB-BDBA19E695CF}.Ad-Hoc|Mixed Platforms.Deploy.0 = Release|x86
		{BC2DC8F4-2E85-44C3-ACAB-BDBA19E695CF}.Ad-Hoc|x64.ActiveCfg = Release|x64
		{BC2DC8F4-2E85-44C3-ACAB-BDBA19E695CF}.Ad-Hoc|x64.Build.0 = Release|x64
		{BC2DC8F4-2E85-44C3-ACAB-BDBA19E695CF}.Ad-Hoc|x64.Deploy.0 = Release|x64
		{BC2DC8F4-2E85-44C3-ACAB-BDBA19E695CF}.Ad-Hoc|x86.ActiveCfg = Release|x86
		{BC2DC8F4-2E85-44C3-ACAB-BDBA19E695CF}.Ad-Hoc|x86.Build.0 = Release|x86
		{BC2DC8F4-2E85-44C3-ACAB-BDBA19E695CF}.Ad-Hoc|x86.Deploy.0 = Release|x86
		{BC2DC8F4-2E85-44C3-ACAB-BDBA19E695CF}.AppStore|Any CPU.ActiveCfg = Release|x86
		{BC2DC8F4-2E85-44C3-ACAB-BDBA19E695CF}.AppStore|Any CPU.Build.0 = Release|x86
		{BC2DC8F4-2E85-44C3-ACAB-BDBA19E695CF}.AppStore|Any CPU.Deploy.0 = Release|x86
		{BC2DC8F4-2E85-44C3-ACAB-BDBA19E695CF}.AppStore|ARM.ActiveCfg = Release|ARM
		{BC2DC8F4-2E85-44C3-ACAB-BDBA19E695CF}.AppStore|ARM.Build.0 = Release|ARM
		{BC2DC8F4-2E85-44C3-ACAB-BDBA19E695CF}.AppStore|ARM.Deploy.0 = Release|ARM
		{BC2DC8F4-2E85-44C3-ACAB-BDBA19E695CF}.AppStore|iPhone.ActiveCfg = Release|x86
		{BC2DC8F4-2E85-44C3-ACAB-BDBA19E695CF}.AppStore|iPhone.Build.0 = Release|x86
		{BC2DC8F4-2E85-44C3-ACAB-BDBA19E695CF}.AppStore|iPhone.Deploy.0 = Release|x86
		{BC2DC8F4-2E85-44C3-ACAB-BDBA19E695CF}.AppStore|iPhoneSimulator.ActiveCfg = Release|x86
		{BC2DC8F4-2E85-44C3-ACAB-BDBA19E695CF}.AppStore|iPhoneSimulator.Build.0 = Release|x86
		{BC2DC8F4-2E85-44C3-ACAB-BDBA19E695CF}.AppStore|iPhoneSimulator.Deploy.0 = Release|x86
		{BC2DC8F4-2E85-44C3-ACAB-BDBA19E695CF}.AppStore|Mixed Platforms.ActiveCfg = Release|x86
		{BC2DC8F4-2E85-44C3-ACAB-BDBA19E695CF}.AppStore|Mixed Platforms.Build.0 = Release|x86
		{BC2DC8F4-2E85-44C3-ACAB-BDBA19E695CF}.AppStore|Mixed Platforms.Deploy.0 = Release|x86
		{BC2DC8F4-2E85-44C3-ACAB-BDBA19E695CF}.AppStore|x64.ActiveCfg = Release|x64
		{BC2DC8F4-2E85-44C3-ACAB-BDBA19E695CF}.AppStore|x64.Build.0 = Release|x64
		{BC2DC8F4-2E85-44C3-ACAB-BDBA19E695CF}.AppStore|x64.Deploy.0 = Release|x64
		{BC2DC8F4-2E85-44C3-ACAB-BDBA19E695CF}.AppStore|x86.ActiveCfg = Release|x86
		{BC2DC8F4-2E85-44C3-ACAB-BDBA19E695CF}.AppStore|x86.Build.0 = Release|x86
		{BC2DC8F4-2E85-44C3-ACAB-BDBA19E695CF}.AppStore|x86.Deploy.0 = Release|x86
		{BC2DC8F4-2E85-44C3-ACAB-BDBA19E695CF}.Debug|Any CPU.ActiveCfg = Debug|x86
		{BC2DC8F4-2E85-44C3-ACAB-BDBA19E695CF}.Debug|ARM.ActiveCfg = Debug|ARM
		{BC2DC8F4-2E85-44C3-ACAB-BDBA19E695CF}.Debug|ARM.Build.0 = Debug|ARM
		{BC2DC8F4-2E85-44C3-ACAB-BDBA19E695CF}.Debug|ARM.Deploy.0 = Debug|ARM
		{BC2DC8F4-2E85-44C3-ACAB-BDBA19E695CF}.Debug|iPhone.ActiveCfg = Debug|x86
		{BC2DC8F4-2E85-44C3-ACAB-BDBA19E695CF}.Debug|iPhoneSimulator.ActiveCfg = Debug|x86
		{BC2DC8F4-2E85-44C3-ACAB-BDBA19E695CF}.Debug|Mixed Platforms.ActiveCfg = Debug|x86
		{BC2DC8F4-2E85-44C3-ACAB-BDBA19E695CF}.Debug|Mixed Platforms.Build.0 = Debug|x86
		{BC2DC8F4-2E85-44C3-ACAB-BDBA19E695CF}.Debug|Mixed Platforms.Deploy.0 = Debug|x86
		{BC2DC8F4-2E85-44C3-ACAB-BDBA19E695CF}.Debug|x64.ActiveCfg = Debug|x64
		{BC2DC8F4-2E85-44C3-ACAB-BDBA19E695CF}.Debug|x64.Build.0 = Debug|x64
		{BC2DC8F4-2E85-44C3-ACAB-BDBA19E695CF}.Debug|x64.Deploy.0 = Debug|x64
		{BC2DC8F4-2E85-44C3-ACAB-BDBA19E695CF}.Debug|x86.ActiveCfg = Debug|x86
		{BC2DC8F4-2E85-44C3-ACAB-BDBA19E695CF}.Debug|x86.Build.0 = Debug|x86
		{BC2DC8F4-2E85-44C3-ACAB-BDBA19E695CF}.Debug|x86.Deploy.0 = Debug|x86
		{BC2DC8F4-2E85-44C3-ACAB-BDBA19E695CF}.Release|Any CPU.ActiveCfg = Release|x86
		{BC2DC8F4-2E85-44C3-ACAB-BDBA19E695CF}.Release|ARM.ActiveCfg = Release|ARM
		{BC2DC8F4-2E85-44C3-ACAB-BDBA19E695CF}.Release|ARM.Build.0 = Release|ARM
		{BC2DC8F4-2E85-44C3-ACAB-BDBA19E695CF}.Release|ARM.Deploy.0 = Release|ARM
		{BC2DC8F4-2E85-44C3-ACAB-BDBA19E695CF}.Release|iPhone.ActiveCfg = Release|x86
		{BC2DC8F4-2E85-44C3-ACAB-BDBA19E695CF}.Release|iPhoneSimulator.ActiveCfg = Release|x86
		{BC2DC8F4-2E85-44C3-ACAB-BDBA19E695CF}.Release|Mixed Platforms.ActiveCfg = Release|x86
		{BC2DC8F4-2E85-44C3-ACAB-BDBA19E695CF}.Release|Mixed Platforms.Build.0 = Release|x86
		{BC2DC8F4-2E85-44C3-ACAB-BDBA19E695CF}.Release|Mixed Platforms.Deploy.0 = Release|x86
		{BC2DC8F4-2E85-44C3-ACAB-BDBA19E695CF}.Release|x64.ActiveCfg = Release|x64
		{BC2DC8F4-2E85-44C3-ACAB-BDBA19E695CF}.Release|x64.Build.0 = Release|x64
		{BC2DC8F4-2E85-44C3-ACAB-BDBA19E695CF}.Release|x64.Deploy.0 = Release|x64
		{BC2DC8F4-2E85-44C3-ACAB-BDBA19E695CF}.Release|x86.ActiveCfg = Release|x86
		{BC2DC8F4-2E85-44C3-ACAB-BDBA19E695CF}.Release|x86.Build.0 = Release|x86
		{BC2DC8F4-2E85-44C3-ACAB-BDBA19E695CF}.Release|x86.Deploy.0 = Release|x86
		{8A0FC475-221D-4FE0-8308-3F703DC08F52}.Ad-Hoc|Any CPU.ActiveCfg = Release|Any CPU
		{8A0FC475-221D-4FE0-8308-3F703DC08F52}.Ad-Hoc|Any CPU.Build.0 = Release|Any CPU
		{8A0FC475-221D-4FE0-8308-3F703DC08F52}.Ad-Hoc|ARM.ActiveCfg = Release|Any CPU
		{8A0FC475-221D-4FE0-8308-3F703DC08F52}.Ad-Hoc|ARM.Build.0 = Release|Any CPU
		{8A0FC475-221D-4FE0-8308-3F703DC08F52}.Ad-Hoc|iPhone.ActiveCfg = Release|Any CPU
		{8A0FC475-221D-4FE0-8308-3F703DC08F52}.Ad-Hoc|iPhone.Build.0 = Release|Any CPU
		{8A0FC475-221D-4FE0-8308-3F703DC08F52}.Ad-Hoc|iPhoneSimulator.ActiveCfg = Release|Any CPU
		{8A0FC475-221D-4FE0-8308-3F703DC08F52}.Ad-Hoc|iPhoneSimulator.Build.0 = Release|Any CPU
		{8A0FC475-221D-4FE0-8308-3F703DC08F52}.Ad-Hoc|Mixed Platforms.ActiveCfg = Release|Any CPU
		{8A0FC475-221D-4FE0-8308-3F703DC08F52}.Ad-Hoc|Mixed Platforms.Build.0 = Release|Any CPU
		{8A0FC475-221D-4FE0-8308-3F703DC08F52}.Ad-Hoc|x64.ActiveCfg = Release|Any CPU
		{8A0FC475-221D-4FE0-8308-3F703DC08F52}.Ad-Hoc|x64.Build.0 = Release|Any CPU
		{8A0FC475-221D-4FE0-8308-3F703DC08F52}.Ad-Hoc|x86.ActiveCfg = Release|Any CPU
		{8A0FC475-221D-4FE0-8308-3F703DC08F52}.Ad-Hoc|x86.Build.0 = Release|Any CPU
		{8A0FC475-221D-4FE0-8308-3F703DC08F52}.AppStore|Any CPU.ActiveCfg = Release|Any CPU
		{8A0FC475-221D-4FE0-8308-3F703DC08F52}.AppStore|Any CPU.Build.0 = Release|Any CPU
		{8A0FC475-221D-4FE0-8308-3F703DC08F52}.AppStore|ARM.ActiveCfg = Release|Any CPU
		{8A0FC475-221D-4FE0-8308-3F703DC08F52}.AppStore|ARM.Build.0 = Release|Any CPU
		{8A0FC475-221D-4FE0-8308-3F703DC08F52}.AppStore|iPhone.ActiveCfg = Release|Any CPU
		{8A0FC475-221D-4FE0-8308-3F703DC08F52}.AppStore|iPhone.Build.0 = Release|Any CPU
		{8A0FC475-221D-4FE0-8308-3F703DC08F52}.AppStore|iPhoneSimulator.ActiveCfg = Release|Any CPU
		{8A0FC475-221D-4FE0-8308-3F703DC08F52}.AppStore|iPhoneSimulator.Build.0 = Release|Any CPU
		{8A0FC475-221D-4FE0-8308-3F703DC08F52}.AppStore|Mixed Platforms.ActiveCfg = Release|Any CPU
		{8A0FC475-221D-4FE0-8308-3F703DC08F52}.AppStore|Mixed Platforms.Build.0 = Release|Any CPU
		{8A0FC475-221D-4FE0-8308-3F703DC08F52}.AppStore|x64.ActiveCfg = Release|Any CPU
		{8A0FC475-221D-4FE0-8308-3F703DC08F52}.AppStore|x64.Build.0 = Release|Any CPU
		{8A0FC475-221D-4FE0-8308-3F703DC08F52}.AppStore|x86.ActiveCfg = Release|Any CPU
		{8A0FC475-221D-4FE0-8308-3F703DC08F52}.AppStore|x86.Build.0 = Release|Any CPU
		{8A0FC475-221D-4FE0-8308-3F703DC08F52}.Debug|Any CPU.ActiveCfg = Debug|Any CPU
		{8A0FC475-221D-4FE0-8308-3F703DC08F52}.Debug|Any CPU.Build.0 = Debug|Any CPU
		{8A0FC475-221D-4FE0-8308-3F703DC08F52}.Debug|ARM.ActiveCfg = Debug|Any CPU
		{8A0FC475-221D-4FE0-8308-3F703DC08F52}.Debug|ARM.Build.0 = Debug|Any CPU
		{8A0FC475-221D-4FE0-8308-3F703DC08F52}.Debug|iPhone.ActiveCfg = Debug|Any CPU
		{8A0FC475-221D-4FE0-8308-3F703DC08F52}.Debug|iPhone.Build.0 = Debug|Any CPU
		{8A0FC475-221D-4FE0-8308-3F703DC08F52}.Debug|iPhoneSimulator.ActiveCfg = Debug|Any CPU
		{8A0FC475-221D-4FE0-8308-3F703DC08F52}.Debug|iPhoneSimulator.Build.0 = Debug|Any CPU
		{8A0FC475-221D-4FE0-8308-3F703DC08F52}.Debug|Mixed Platforms.ActiveCfg = Debug|Any CPU
		{8A0FC475-221D-4FE0-8308-3F703DC08F52}.Debug|Mixed Platforms.Build.0 = Debug|Any CPU
		{8A0FC475-221D-4FE0-8308-3F703DC08F52}.Debug|x64.ActiveCfg = Debug|Any CPU
		{8A0FC475-221D-4FE0-8308-3F703DC08F52}.Debug|x64.Build.0 = Debug|Any CPU
		{8A0FC475-221D-4FE0-8308-3F703DC08F52}.Debug|x86.ActiveCfg = Debug|Any CPU
		{8A0FC475-221D-4FE0-8308-3F703DC08F52}.Debug|x86.Build.0 = Debug|Any CPU
		{8A0FC475-221D-4FE0-8308-3F703DC08F52}.Release|Any CPU.ActiveCfg = Release|Any CPU
		{8A0FC475-221D-4FE0-8308-3F703DC08F52}.Release|Any CPU.Build.0 = Release|Any CPU
		{8A0FC475-221D-4FE0-8308-3F703DC08F52}.Release|ARM.ActiveCfg = Release|Any CPU
		{8A0FC475-221D-4FE0-8308-3F703DC08F52}.Release|ARM.Build.0 = Release|Any CPU
		{8A0FC475-221D-4FE0-8308-3F703DC08F52}.Release|iPhone.ActiveCfg = Release|Any CPU
		{8A0FC475-221D-4FE0-8308-3F703DC08F52}.Release|iPhone.Build.0 = Release|Any CPU
		{8A0FC475-221D-4FE0-8308-3F703DC08F52}.Release|iPhoneSimulator.ActiveCfg = Release|Any CPU
		{8A0FC475-221D-4FE0-8308-3F703DC08F52}.Release|iPhoneSimulator.Build.0 = Release|Any CPU
		{8A0FC475-221D-4FE0-8308-3F703DC08F52}.Release|Mixed Platforms.ActiveCfg = Release|Any CPU
		{8A0FC475-221D-4FE0-8308-3F703DC08F52}.Release|Mixed Platforms.Build.0 = Release|Any CPU
		{8A0FC475-221D-4FE0-8308-3F703DC08F52}.Release|x64.ActiveCfg = Release|Any CPU
		{8A0FC475-221D-4FE0-8308-3F703DC08F52}.Release|x64.Build.0 = Release|Any CPU
		{8A0FC475-221D-4FE0-8308-3F703DC08F52}.Release|x86.ActiveCfg = Release|Any CPU
		{8A0FC475-221D-4FE0-8308-3F703DC08F52}.Release|x86.Build.0 = Release|Any CPU
	EndGlobalSection
	GlobalSection(SolutionProperties) = preSolution
		HideSolutionNode = FALSE
	EndGlobalSection
	GlobalSection(NestedProjects) = preSolution
		{5B47DDBE-E702-4D70-8E37-B6CFB03FA8DA} = {D8FE182E-82E8-40E5-BC2E-10852401B3CD}
		{D053B505-4911-4602-9982-4BB7DCDC0CCD} = {D8FE182E-82E8-40E5-BC2E-10852401B3CD}
		{233C4EB1-4F77-46BB-8018-CF11CE129AD1} = {D8FE182E-82E8-40E5-BC2E-10852401B3CD}
		{D11E01F0-7FA8-4347-BF88-ABB37956F4E3} = {842D84E4-CC94-4D47-AED3-6C6AB698A57B}
		{D5ECCF1B-12F0-477F-814B-FCCDA648A85C} = {842D84E4-CC94-4D47-AED3-6C6AB698A57B}
		{993982F0-3438-405E-BE5E-515842CE2842} = {842D84E4-CC94-4D47-AED3-6C6AB698A57B}
		{A409BBA6-1003-492E-8656-392D18FCA7F6} = {842D84E4-CC94-4D47-AED3-6C6AB698A57B}
		{F6BCC458-30FE-4510-B17F-886E1F93D003} = {016C10F1-046E-4819-9C19-D8AD6D2B0C79}
		{731F72FB-FEC9-4980-AA66-2C471815CCFB} = {842D84E4-CC94-4D47-AED3-6C6AB698A57B}
		{DD644F09-6953-4585-B5C2-5CF4D21B0E69} = {842D84E4-CC94-4D47-AED3-6C6AB698A57B}
		{C3ABE1BF-0D77-42C5-880E-D9C605198BC6} = {016C10F1-046E-4819-9C19-D8AD6D2B0C79}
		{016C10F1-046E-4819-9C19-D8AD6D2B0C79} = {842D84E4-CC94-4D47-AED3-6C6AB698A57B}
		{E88504E9-8F0A-4112-B453-C0B7152CEABF} = {842D84E4-CC94-4D47-AED3-6C6AB698A57B}
		{BC2DC8F4-2E85-44C3-ACAB-BDBA19E695CF} = {D8FE182E-82E8-40E5-BC2E-10852401B3CD}
		{8A0FC475-221D-4FE0-8308-3F703DC08F52} = {016C10F1-046E-4819-9C19-D8AD6D2B0C79}
	EndGlobalSection
EndGlobal
